Microsoft Visual Studio Solution File, Format Version 12.00
# Visual Studio Version 16
VisualStudioVersion = 16.0.28917.181
MinimumVisualStudioVersion = 10.0.40219.1
Project("{2150E333-8FDC-42A3-9474-1A3956D46DE8}") = "Setup", "Setup", "{DCE0C3C4-5BC6-4A30-86BE-3FEFF4677A01}"
EndProject
Project("{2150E333-8FDC-42A3-9474-1A3956D46DE8}") = "Tests", "Tests", "{A10B5CD6-38EC-4D7E-9D1C-2EBA8017E437}"
EndProject
Project("{2150E333-8FDC-42A3-9474-1A3956D46DE8}") = "Solution Items", "Solution Items", "{577A0375-1436-446C-802B-3C75C8CEF94F}"
	ProjectSection(SolutionItems) = preProject
		.editorconfig = .editorconfig
		.gitignore = .gitignore
		build.ps1 = build.ps1
		changelog.txt = changelog.txt
		clean.ps1 = clean.ps1
		CommonAssemblyInfo.cs = CommonAssemblyInfo.cs
		global.json = global.json
		LICENSE.txt = LICENSE.txt
		nuget.config = nuget.config
		README.md = README.md
		TechTalk.SpecFlow.sln.DotSettings = TechTalk.SpecFlow.sln.DotSettings
		version.json = version.json
	EndProjectSection
EndProject
Project("{2150E333-8FDC-42A3-9474-1A3956D46DE8}") = "UnitTests", "UnitTests", "{0359B7D7-7E29-48E9-8DF9-7D1FACFA5CFA}"
EndProject
Project("{2150E333-8FDC-42A3-9474-1A3956D46DE8}") = "Build", "Build", "{D87E7021-4926-4F5A-AC81-92AFC575FB7E}"
	ProjectSection(SolutionItems) = preProject
		Directory.Build.props = Directory.Build.props
		Directory.Build.rsp = Directory.Build.rsp
		Directory.Build.targets = Directory.Build.targets
		Build\Versioning.targets = Build\Versioning.targets
	EndProjectSection
EndProject
Project("{9A19103F-16F7-4668-BE54-9A1E7A4F7556}") = "TechTalk.SpecFlow.Specs", "Tests\TechTalk.SpecFlow.Specs\TechTalk.SpecFlow.Specs.csproj", "{2D7D31B3-E8D0-445A-BB24-216ABA3CB778}"
EndProject
Project("{9A19103F-16F7-4668-BE54-9A1E7A4F7556}") = "TechTalk.SpecFlow.GeneratorTests", "Tests\TechTalk.SpecFlow.GeneratorTests\TechTalk.SpecFlow.GeneratorTests.csproj", "{48E0CB65-33D4-49CD-9E22-1AD49D8684B0}"
EndProject
Project("{9A19103F-16F7-4668-BE54-9A1E7A4F7556}") = "TechTalk.SpecFlow.RuntimeTests", "Tests\TechTalk.SpecFlow.RuntimeTests\TechTalk.SpecFlow.RuntimeTests.csproj", "{7E637287-6E34-4BEC-8226-B052062AEA1F}"
EndProject
Project("{9A19103F-16F7-4668-BE54-9A1E7A4F7556}") = "TechTalk.SpecFlow.Parser", "TechTalk.SpecFlow.Parser\TechTalk.SpecFlow.Parser.csproj", "{ABA918DA-C436-4EE2-B23D-FD0B24403B27}"
EndProject
Project("{9A19103F-16F7-4668-BE54-9A1E7A4F7556}") = "TechTalk.SpecFlow", "TechTalk.SpecFlow\TechTalk.SpecFlow.csproj", "{413EE28C-4F89-4C6F-BA1E-2CDEE4CD43B4}"
EndProject
Project("{9A19103F-16F7-4668-BE54-9A1E7A4F7556}") = "TechTalk.SpecFlow.Generator", "TechTalk.SpecFlow.Generator\TechTalk.SpecFlow.Generator.csproj", "{F0A50949-8FE1-4048-9A3E-BB0498843669}"
EndProject
Project("{9A19103F-16F7-4668-BE54-9A1E7A4F7556}") = "TechTalk.SpecFlow.Utils", "TechTalk.SpecFlow.Utils\TechTalk.SpecFlow.Utils.csproj", "{D719B8EA-6C89-4B81-AABD-65ACF562F521}"
EndProject
Project("{9A19103F-16F7-4668-BE54-9A1E7A4F7556}") = "TechTalk.SpecFlow.TestProjectGenerator", "ExternalRepositories\SpecFlow.TestProjectGenerator\SpecFlow.TestProjectGenerator\TechTalk.SpecFlow.TestProjectGenerator.csproj", "{FA04B445-D04C-4075-9EB0-4D0A70E47FC4}"
EndProject
Project("{9A19103F-16F7-4668-BE54-9A1E7A4F7556}") = "SpecFlow.Tools.MsBuild.Generation", "SpecFlow.Tools.MsBuild.Generation\SpecFlow.Tools.MsBuild.Generation.csproj", "{AE2FCDBB-0933-4751-BF17-8D9BF9B2055A}"
EndProject
Project("{2150E333-8FDC-42A3-9474-1A3956D46DE8}") = "Licenses", "Licenses", "{D7B9D08E-67E6-4294-9E1F-2AB119571BD7}"
	ProjectSection(SolutionItems) = preProject
		Licenses\BoDi-LICENSE-Apache2.txt = Licenses\BoDi-LICENSE-Apache2.txt
		Licenses\Gherkin-LICENSE-MIT.txt = Licenses\Gherkin-LICENSE-MIT.txt
		Licenses\Newtonsoft.Json-LICENSE-MIT.md = Licenses\Newtonsoft.Json-LICENSE-MIT.md
		Licenses\System.ValueTuple-LICENSE-MIT.txt = Licenses\System.ValueTuple-LICENSE-MIT.txt
	EndProjectSection
EndProject
Project("{2150E333-8FDC-42A3-9474-1A3956D46DE8}") = "ExternalRepositories", "ExternalRepositories", "{974420E8-FEEA-4564-B4CE-BE06F7457E3B}"
EndProject
Project("{9A19103F-16F7-4668-BE54-9A1E7A4F7556}") = "TechTalk.SpecFlow.TestProjectGenerator.Tests", "ExternalRepositories\SpecFlow.TestProjectGenerator\SpecFlow.TestProjectGenerator.Tests\TechTalk.SpecFlow.TestProjectGenerator.Tests.csproj", "{1B51F6C9-226E-479B-9212-E6C02A1E6633}"
EndProject
Project("{2150E333-8FDC-42A3-9474-1A3956D46DE8}") = "Plugins", "Plugins", "{8BE0FE31-6A52-452E-BE71-B8C64A3ED402}"
EndProject
Project("{9A19103F-16F7-4668-BE54-9A1E7A4F7556}") = "TechTalk.SpecFlow.xUnit.SpecFlowPlugin", "Plugins\TechTalk.SpecFlow.xUnit.SpecFlowPlugin\TechTalk.SpecFlow.xUnit.SpecFlowPlugin.csproj", "{D649B28A-352C-4CB0-B6F2-0570DD181F60}"
EndProject
Project("{9A19103F-16F7-4668-BE54-9A1E7A4F7556}") = "TechTalk.SpecFlow.Specs.Generator.SpecFlowPlugin", "Tests\TechTalk.SpecFlow.Specs.Generator.SpecFlowPlugin\TechTalk.SpecFlow.Specs.Generator.SpecFlowPlugin.csproj", "{03A229D6-BB43-47CC-AAEF-B7265652AD5A}"
EndProject
Project("{9A19103F-16F7-4668-BE54-9A1E7A4F7556}") = "TechTalk.SpecFlow.NUnit.SpecFlowPlugin", "Plugins\TechTalk.SpecFlow.NUnit.SpecFlowPlugin\TechTalk.SpecFlow.NUnit.SpecFlowPlugin.csproj", "{D151832C-15D6-4869-9999-B245443BC23E}"
EndProject
Project("{9A19103F-16F7-4668-BE54-9A1E7A4F7556}") = "TechTalk.SpecFlow.MSTest.SpecFlowPlugin", "Plugins\TechTalk.SpecFlow.MSTest.SpecFlowPlugin\TechTalk.SpecFlow.MSTest.SpecFlowPlugin.csproj", "{EC77355C-D442-416A-AE67-E42D5FAD0FB9}"
EndProject
Project("{9A19103F-16F7-4668-BE54-9A1E7A4F7556}") = "TechTalk.SpecFlow.xUnit.Generator.SpecFlowPlugin", "Plugins\TechTalk.SpecFlow.xUnit.Generator.SpecFlowPlugin\TechTalk.SpecFlow.xUnit.Generator.SpecFlowPlugin.csproj", "{5CD2408D-6A5A-4824-8F28-A2421088BEF0}"
EndProject
Project("{9A19103F-16F7-4668-BE54-9A1E7A4F7556}") = "TechTalk.SpecFlow.MSTest.Generator.SpecFlowPlugin", "Plugins\TechTalk.SpecFlow.MSTest.Generator.SpecFlowPlugin\TechTalk.SpecFlow.MSTest.Generator.SpecFlowPlugin.csproj", "{556F5CA5-5497-4F32-9926-77A9369AB09C}"
EndProject
Project("{9A19103F-16F7-4668-BE54-9A1E7A4F7556}") = "TechTalk.SpecFlow.NUnit.Generator.SpecFlowPlugin", "Plugins\TechTalk.SpecFlow.NUnit.Generator.SpecFlowPlugin\TechTalk.SpecFlow.NUnit.Generator.SpecFlowPlugin.csproj", "{69473C7E-DBA7-478B-AE6D-C185AA910FD2}"
EndProject
Project("{9A19103F-16F7-4668-BE54-9A1E7A4F7556}") = "TechTalk.SpecFlow.PluginTests", "Tests\TechTalk.SpecFlow.PluginTests\TechTalk.SpecFlow.PluginTests.csproj", "{204B619C-6D4B-4384-B1E9-E231BA0081BF}"
EndProject
Project("{9A19103F-16F7-4668-BE54-9A1E7A4F7556}") = "TechTalk.SpecFlow.NUnit.Runners", "Installer\TechTalk.SpecFlow.NUnit.Runners\TechTalk.SpecFlow.NUnit.Runners.csproj", "{57335C6A-F74A-491A-8191-95E115B87638}"
EndProject
Project("{9A19103F-16F7-4668-BE54-9A1E7A4F7556}") = "TechTalk.SpecFlow.CustomPlugin", "Installer\TechTalk.SpecFlow.CustomPlugin\TechTalk.SpecFlow.CustomPlugin.csproj", "{FA9DFEFA-4F35-4A57-91AE-64C7B5D41EAA}"
EndProject
Project("{9A19103F-16F7-4668-BE54-9A1E7A4F7556}") = "TechTalk.SpecFlow.MsBuildNetSdk.IntegrationTests", "Tests\TechTalk.SpecFlow.MsBuildNetSdk.IntegrationTests\TechTalk.SpecFlow.MsBuildNetSdk.IntegrationTests.csproj", "{02A08F81-B90F-4EB3-9C30-CE7447DE2012}"
EndProject
Project("{2150E333-8FDC-42A3-9474-1A3956D46DE8}") = "AzurePipelines", "AzurePipelines", "{48E162BC-9431-450D-8353-66D396DCB5FE}"
	ProjectSection(SolutionItems) = preProject
		azure-pipelines.yml = azure-pipelines.yml
		build.yml = build.yml
	EndProjectSection
EndProject
Project("{9A19103F-16F7-4668-BE54-9A1E7A4F7556}") = "SpecFlow.Autofac.SpecFlowPlugin", "Plugins\SpecFlow.Autofac.SpecFlowPlugin\SpecFlow.Autofac.SpecFlowPlugin.csproj", "{EA16606D-6F1C-4A4D-B7A1-8A08B448CD86}"
EndProject
Project("{9A19103F-16F7-4668-BE54-9A1E7A4F7556}") = "TechTalk.SpecFlow.Templates.DotNet", "Templates\TechTalk.SpecFlow.Templates.DotNet\TechTalk.SpecFlow.Templates.DotNet.csproj", "{B7F589EB-524F-4BAD-9419-6576F6527670}"
EndProject
Project("{2150E333-8FDC-42A3-9474-1A3956D46DE8}") = "Templates", "Templates", "{05275A0B-57E4-484C-B181-227697C7B89A}"
EndProject
Project("{9A19103F-16F7-4668-BE54-9A1E7A4F7556}") = "SpecFlow.Windsor.SpecFlowPlugin", "Plugins\SpecFlow.Windsor.SpecFlowPlugin\SpecFlow.Windsor.SpecFlowPlugin.csproj", "{A3931239-01D7-4277-9A7C-44D751BA746A}"
EndProject
Project("{2150E333-8FDC-42A3-9474-1A3956D46DE8}") = "ExternalData", "ExternalData", "{16EAF4F9-9860-4BB9-8992-98522E68E570}"
EndProject
Project("{9A19103F-16F7-4668-BE54-9A1E7A4F7556}") = "SpecFlow.ExternalData.SpecFlowPlugin", "Plugins\SpecFlow.ExternalData\SpecFlow.ExternalData.SpecFlowPlugin\SpecFlow.ExternalData.SpecFlowPlugin.csproj", "{AF7CACE6-1F26-454D-A814-19CFCF7C5810}"
EndProject
Global
	GlobalSection(SolutionConfigurationPlatforms) = preSolution
		Debug|Any CPU = Debug|Any CPU
		Debug-MSTest|Any CPU = Debug-MSTest|Any CPU
		Debug-NUnit|Any CPU = Debug-NUnit|Any CPU
		Debug-XUnit|Any CPU = Debug-XUnit|Any CPU
		Release|Any CPU = Release|Any CPU
		VS2010IntegrationTest|Any CPU = VS2010IntegrationTest|Any CPU
	EndGlobalSection
	GlobalSection(ProjectConfigurationPlatforms) = postSolution
		{2D7D31B3-E8D0-445A-BB24-216ABA3CB778}.Debug|Any CPU.ActiveCfg = Debug|Any CPU
		{2D7D31B3-E8D0-445A-BB24-216ABA3CB778}.Debug|Any CPU.Build.0 = Debug|Any CPU
		{2D7D31B3-E8D0-445A-BB24-216ABA3CB778}.Debug-MSTest|Any CPU.ActiveCfg = Debug-MSTest|Any CPU
		{2D7D31B3-E8D0-445A-BB24-216ABA3CB778}.Debug-MSTest|Any CPU.Build.0 = Debug-MSTest|Any CPU
		{2D7D31B3-E8D0-445A-BB24-216ABA3CB778}.Debug-NUnit|Any CPU.ActiveCfg = Debug-NUnit|Any CPU
		{2D7D31B3-E8D0-445A-BB24-216ABA3CB778}.Debug-NUnit|Any CPU.Build.0 = Debug-NUnit|Any CPU
		{2D7D31B3-E8D0-445A-BB24-216ABA3CB778}.Debug-XUnit|Any CPU.ActiveCfg = Debug-XUnit|Any CPU
		{2D7D31B3-E8D0-445A-BB24-216ABA3CB778}.Debug-XUnit|Any CPU.Build.0 = Debug-XUnit|Any CPU
		{2D7D31B3-E8D0-445A-BB24-216ABA3CB778}.Release|Any CPU.ActiveCfg = Release|Any CPU
		{2D7D31B3-E8D0-445A-BB24-216ABA3CB778}.Release|Any CPU.Build.0 = Release|Any CPU
		{2D7D31B3-E8D0-445A-BB24-216ABA3CB778}.VS2010IntegrationTest|Any CPU.ActiveCfg = Debug|Any CPU
		{2D7D31B3-E8D0-445A-BB24-216ABA3CB778}.VS2010IntegrationTest|Any CPU.Build.0 = Debug|Any CPU
		{48E0CB65-33D4-49CD-9E22-1AD49D8684B0}.Debug|Any CPU.ActiveCfg = Debug|Any CPU
		{48E0CB65-33D4-49CD-9E22-1AD49D8684B0}.Debug|Any CPU.Build.0 = Debug|Any CPU
		{48E0CB65-33D4-49CD-9E22-1AD49D8684B0}.Debug-MSTest|Any CPU.ActiveCfg = Debug|Any CPU
		{48E0CB65-33D4-49CD-9E22-1AD49D8684B0}.Debug-MSTest|Any CPU.Build.0 = Debug|Any CPU
		{48E0CB65-33D4-49CD-9E22-1AD49D8684B0}.Debug-NUnit|Any CPU.ActiveCfg = Debug|Any CPU
		{48E0CB65-33D4-49CD-9E22-1AD49D8684B0}.Debug-NUnit|Any CPU.Build.0 = Debug|Any CPU
		{48E0CB65-33D4-49CD-9E22-1AD49D8684B0}.Debug-XUnit|Any CPU.ActiveCfg = Debug|Any CPU
		{48E0CB65-33D4-49CD-9E22-1AD49D8684B0}.Debug-XUnit|Any CPU.Build.0 = Debug|Any CPU
		{48E0CB65-33D4-49CD-9E22-1AD49D8684B0}.Release|Any CPU.ActiveCfg = Release|Any CPU
		{48E0CB65-33D4-49CD-9E22-1AD49D8684B0}.Release|Any CPU.Build.0 = Release|Any CPU
		{48E0CB65-33D4-49CD-9E22-1AD49D8684B0}.VS2010IntegrationTest|Any CPU.ActiveCfg = Debug|Any CPU
		{48E0CB65-33D4-49CD-9E22-1AD49D8684B0}.VS2010IntegrationTest|Any CPU.Build.0 = Debug|Any CPU
		{7E637287-6E34-4BEC-8226-B052062AEA1F}.Debug|Any CPU.ActiveCfg = Debug|Any CPU
		{7E637287-6E34-4BEC-8226-B052062AEA1F}.Debug|Any CPU.Build.0 = Debug|Any CPU
		{7E637287-6E34-4BEC-8226-B052062AEA1F}.Debug-MSTest|Any CPU.ActiveCfg = Debug|Any CPU
		{7E637287-6E34-4BEC-8226-B052062AEA1F}.Debug-MSTest|Any CPU.Build.0 = Debug|Any CPU
		{7E637287-6E34-4BEC-8226-B052062AEA1F}.Debug-NUnit|Any CPU.ActiveCfg = Debug|Any CPU
		{7E637287-6E34-4BEC-8226-B052062AEA1F}.Debug-NUnit|Any CPU.Build.0 = Debug|Any CPU
		{7E637287-6E34-4BEC-8226-B052062AEA1F}.Debug-XUnit|Any CPU.ActiveCfg = Debug|Any CPU
		{7E637287-6E34-4BEC-8226-B052062AEA1F}.Debug-XUnit|Any CPU.Build.0 = Debug|Any CPU
		{7E637287-6E34-4BEC-8226-B052062AEA1F}.Release|Any CPU.ActiveCfg = Release|Any CPU
		{7E637287-6E34-4BEC-8226-B052062AEA1F}.Release|Any CPU.Build.0 = Release|Any CPU
		{7E637287-6E34-4BEC-8226-B052062AEA1F}.VS2010IntegrationTest|Any CPU.ActiveCfg = Debug|Any CPU
		{7E637287-6E34-4BEC-8226-B052062AEA1F}.VS2010IntegrationTest|Any CPU.Build.0 = Debug|Any CPU
		{ABA918DA-C436-4EE2-B23D-FD0B24403B27}.Debug|Any CPU.ActiveCfg = Debug|Any CPU
		{ABA918DA-C436-4EE2-B23D-FD0B24403B27}.Debug|Any CPU.Build.0 = Debug|Any CPU
		{ABA918DA-C436-4EE2-B23D-FD0B24403B27}.Debug-MSTest|Any CPU.ActiveCfg = Debug|Any CPU
		{ABA918DA-C436-4EE2-B23D-FD0B24403B27}.Debug-MSTest|Any CPU.Build.0 = Debug|Any CPU
		{ABA918DA-C436-4EE2-B23D-FD0B24403B27}.Debug-NUnit|Any CPU.ActiveCfg = Debug|Any CPU
		{ABA918DA-C436-4EE2-B23D-FD0B24403B27}.Debug-NUnit|Any CPU.Build.0 = Debug|Any CPU
		{ABA918DA-C436-4EE2-B23D-FD0B24403B27}.Debug-XUnit|Any CPU.ActiveCfg = Debug|Any CPU
		{ABA918DA-C436-4EE2-B23D-FD0B24403B27}.Debug-XUnit|Any CPU.Build.0 = Debug|Any CPU
		{ABA918DA-C436-4EE2-B23D-FD0B24403B27}.Release|Any CPU.ActiveCfg = Release|Any CPU
		{ABA918DA-C436-4EE2-B23D-FD0B24403B27}.Release|Any CPU.Build.0 = Release|Any CPU
		{ABA918DA-C436-4EE2-B23D-FD0B24403B27}.VS2010IntegrationTest|Any CPU.ActiveCfg = Debug|Any CPU
		{ABA918DA-C436-4EE2-B23D-FD0B24403B27}.VS2010IntegrationTest|Any CPU.Build.0 = Debug|Any CPU
		{413EE28C-4F89-4C6F-BA1E-2CDEE4CD43B4}.Debug|Any CPU.ActiveCfg = Debug|Any CPU
		{413EE28C-4F89-4C6F-BA1E-2CDEE4CD43B4}.Debug|Any CPU.Build.0 = Debug|Any CPU
		{413EE28C-4F89-4C6F-BA1E-2CDEE4CD43B4}.Debug-MSTest|Any CPU.ActiveCfg = Debug|Any CPU
		{413EE28C-4F89-4C6F-BA1E-2CDEE4CD43B4}.Debug-MSTest|Any CPU.Build.0 = Debug|Any CPU
		{413EE28C-4F89-4C6F-BA1E-2CDEE4CD43B4}.Debug-NUnit|Any CPU.ActiveCfg = Debug|Any CPU
		{413EE28C-4F89-4C6F-BA1E-2CDEE4CD43B4}.Debug-NUnit|Any CPU.Build.0 = Debug|Any CPU
		{413EE28C-4F89-4C6F-BA1E-2CDEE4CD43B4}.Debug-XUnit|Any CPU.ActiveCfg = Debug|Any CPU
		{413EE28C-4F89-4C6F-BA1E-2CDEE4CD43B4}.Debug-XUnit|Any CPU.Build.0 = Debug|Any CPU
		{413EE28C-4F89-4C6F-BA1E-2CDEE4CD43B4}.Release|Any CPU.ActiveCfg = Release|Any CPU
		{413EE28C-4F89-4C6F-BA1E-2CDEE4CD43B4}.Release|Any CPU.Build.0 = Release|Any CPU
		{413EE28C-4F89-4C6F-BA1E-2CDEE4CD43B4}.VS2010IntegrationTest|Any CPU.ActiveCfg = Debug|Any CPU
		{413EE28C-4F89-4C6F-BA1E-2CDEE4CD43B4}.VS2010IntegrationTest|Any CPU.Build.0 = Debug|Any CPU
		{F0A50949-8FE1-4048-9A3E-BB0498843669}.Debug|Any CPU.ActiveCfg = Debug|Any CPU
		{F0A50949-8FE1-4048-9A3E-BB0498843669}.Debug|Any CPU.Build.0 = Debug|Any CPU
		{F0A50949-8FE1-4048-9A3E-BB0498843669}.Debug-MSTest|Any CPU.ActiveCfg = Debug|Any CPU
		{F0A50949-8FE1-4048-9A3E-BB0498843669}.Debug-MSTest|Any CPU.Build.0 = Debug|Any CPU
		{F0A50949-8FE1-4048-9A3E-BB0498843669}.Debug-NUnit|Any CPU.ActiveCfg = Debug|Any CPU
		{F0A50949-8FE1-4048-9A3E-BB0498843669}.Debug-NUnit|Any CPU.Build.0 = Debug|Any CPU
		{F0A50949-8FE1-4048-9A3E-BB0498843669}.Debug-XUnit|Any CPU.ActiveCfg = Debug|Any CPU
		{F0A50949-8FE1-4048-9A3E-BB0498843669}.Debug-XUnit|Any CPU.Build.0 = Debug|Any CPU
		{F0A50949-8FE1-4048-9A3E-BB0498843669}.Release|Any CPU.ActiveCfg = Release|Any CPU
		{F0A50949-8FE1-4048-9A3E-BB0498843669}.Release|Any CPU.Build.0 = Release|Any CPU
		{F0A50949-8FE1-4048-9A3E-BB0498843669}.VS2010IntegrationTest|Any CPU.ActiveCfg = Debug|Any CPU
		{F0A50949-8FE1-4048-9A3E-BB0498843669}.VS2010IntegrationTest|Any CPU.Build.0 = Debug|Any CPU
		{D719B8EA-6C89-4B81-AABD-65ACF562F521}.Debug|Any CPU.ActiveCfg = Debug|Any CPU
		{D719B8EA-6C89-4B81-AABD-65ACF562F521}.Debug|Any CPU.Build.0 = Debug|Any CPU
		{D719B8EA-6C89-4B81-AABD-65ACF562F521}.Debug-MSTest|Any CPU.ActiveCfg = Debug|Any CPU
		{D719B8EA-6C89-4B81-AABD-65ACF562F521}.Debug-MSTest|Any CPU.Build.0 = Debug|Any CPU
		{D719B8EA-6C89-4B81-AABD-65ACF562F521}.Debug-NUnit|Any CPU.ActiveCfg = Debug|Any CPU
		{D719B8EA-6C89-4B81-AABD-65ACF562F521}.Debug-NUnit|Any CPU.Build.0 = Debug|Any CPU
		{D719B8EA-6C89-4B81-AABD-65ACF562F521}.Debug-XUnit|Any CPU.ActiveCfg = Debug|Any CPU
		{D719B8EA-6C89-4B81-AABD-65ACF562F521}.Debug-XUnit|Any CPU.Build.0 = Debug|Any CPU
		{D719B8EA-6C89-4B81-AABD-65ACF562F521}.Release|Any CPU.ActiveCfg = Release|Any CPU
		{D719B8EA-6C89-4B81-AABD-65ACF562F521}.Release|Any CPU.Build.0 = Release|Any CPU
		{D719B8EA-6C89-4B81-AABD-65ACF562F521}.VS2010IntegrationTest|Any CPU.ActiveCfg = Debug|Any CPU
		{D719B8EA-6C89-4B81-AABD-65ACF562F521}.VS2010IntegrationTest|Any CPU.Build.0 = Debug|Any CPU
		{FA04B445-D04C-4075-9EB0-4D0A70E47FC4}.Debug|Any CPU.ActiveCfg = Debug|Any CPU
		{FA04B445-D04C-4075-9EB0-4D0A70E47FC4}.Debug|Any CPU.Build.0 = Debug|Any CPU
		{FA04B445-D04C-4075-9EB0-4D0A70E47FC4}.Debug-MSTest|Any CPU.ActiveCfg = Debug|Any CPU
		{FA04B445-D04C-4075-9EB0-4D0A70E47FC4}.Debug-MSTest|Any CPU.Build.0 = Debug|Any CPU
		{FA04B445-D04C-4075-9EB0-4D0A70E47FC4}.Debug-NUnit|Any CPU.ActiveCfg = Debug|Any CPU
		{FA04B445-D04C-4075-9EB0-4D0A70E47FC4}.Debug-NUnit|Any CPU.Build.0 = Debug|Any CPU
		{FA04B445-D04C-4075-9EB0-4D0A70E47FC4}.Debug-XUnit|Any CPU.ActiveCfg = Debug|Any CPU
		{FA04B445-D04C-4075-9EB0-4D0A70E47FC4}.Debug-XUnit|Any CPU.Build.0 = Debug|Any CPU
		{FA04B445-D04C-4075-9EB0-4D0A70E47FC4}.Release|Any CPU.ActiveCfg = Release|Any CPU
		{FA04B445-D04C-4075-9EB0-4D0A70E47FC4}.Release|Any CPU.Build.0 = Release|Any CPU
		{FA04B445-D04C-4075-9EB0-4D0A70E47FC4}.VS2010IntegrationTest|Any CPU.ActiveCfg = Debug|Any CPU
		{FA04B445-D04C-4075-9EB0-4D0A70E47FC4}.VS2010IntegrationTest|Any CPU.Build.0 = Debug|Any CPU
		{AE2FCDBB-0933-4751-BF17-8D9BF9B2055A}.Debug|Any CPU.ActiveCfg = Debug|Any CPU
		{AE2FCDBB-0933-4751-BF17-8D9BF9B2055A}.Debug|Any CPU.Build.0 = Debug|Any CPU
		{AE2FCDBB-0933-4751-BF17-8D9BF9B2055A}.Debug-MSTest|Any CPU.ActiveCfg = Debug|Any CPU
		{AE2FCDBB-0933-4751-BF17-8D9BF9B2055A}.Debug-MSTest|Any CPU.Build.0 = Debug|Any CPU
		{AE2FCDBB-0933-4751-BF17-8D9BF9B2055A}.Debug-NUnit|Any CPU.ActiveCfg = Debug|Any CPU
		{AE2FCDBB-0933-4751-BF17-8D9BF9B2055A}.Debug-NUnit|Any CPU.Build.0 = Debug|Any CPU
		{AE2FCDBB-0933-4751-BF17-8D9BF9B2055A}.Debug-XUnit|Any CPU.ActiveCfg = Debug|Any CPU
		{AE2FCDBB-0933-4751-BF17-8D9BF9B2055A}.Debug-XUnit|Any CPU.Build.0 = Debug|Any CPU
		{AE2FCDBB-0933-4751-BF17-8D9BF9B2055A}.Release|Any CPU.ActiveCfg = Release|Any CPU
		{AE2FCDBB-0933-4751-BF17-8D9BF9B2055A}.Release|Any CPU.Build.0 = Release|Any CPU
		{AE2FCDBB-0933-4751-BF17-8D9BF9B2055A}.VS2010IntegrationTest|Any CPU.ActiveCfg = Debug|Any CPU
		{AE2FCDBB-0933-4751-BF17-8D9BF9B2055A}.VS2010IntegrationTest|Any CPU.Build.0 = Debug|Any CPU
		{1B51F6C9-226E-479B-9212-E6C02A1E6633}.Debug|Any CPU.ActiveCfg = Debug|Any CPU
		{1B51F6C9-226E-479B-9212-E6C02A1E6633}.Debug|Any CPU.Build.0 = Debug|Any CPU
		{1B51F6C9-226E-479B-9212-E6C02A1E6633}.Debug-MSTest|Any CPU.ActiveCfg = Debug|Any CPU
		{1B51F6C9-226E-479B-9212-E6C02A1E6633}.Debug-MSTest|Any CPU.Build.0 = Debug|Any CPU
		{1B51F6C9-226E-479B-9212-E6C02A1E6633}.Debug-NUnit|Any CPU.ActiveCfg = Debug|Any CPU
		{1B51F6C9-226E-479B-9212-E6C02A1E6633}.Debug-NUnit|Any CPU.Build.0 = Debug|Any CPU
		{1B51F6C9-226E-479B-9212-E6C02A1E6633}.Debug-XUnit|Any CPU.ActiveCfg = Debug|Any CPU
		{1B51F6C9-226E-479B-9212-E6C02A1E6633}.Debug-XUnit|Any CPU.Build.0 = Debug|Any CPU
		{1B51F6C9-226E-479B-9212-E6C02A1E6633}.Release|Any CPU.ActiveCfg = Release|Any CPU
		{1B51F6C9-226E-479B-9212-E6C02A1E6633}.Release|Any CPU.Build.0 = Release|Any CPU
		{1B51F6C9-226E-479B-9212-E6C02A1E6633}.VS2010IntegrationTest|Any CPU.ActiveCfg = Debug|Any CPU
		{1B51F6C9-226E-479B-9212-E6C02A1E6633}.VS2010IntegrationTest|Any CPU.Build.0 = Debug|Any CPU
		{D649B28A-352C-4CB0-B6F2-0570DD181F60}.Debug|Any CPU.ActiveCfg = Debug|Any CPU
		{D649B28A-352C-4CB0-B6F2-0570DD181F60}.Debug|Any CPU.Build.0 = Debug|Any CPU
		{D649B28A-352C-4CB0-B6F2-0570DD181F60}.Debug-MSTest|Any CPU.ActiveCfg = Debug|Any CPU
		{D649B28A-352C-4CB0-B6F2-0570DD181F60}.Debug-MSTest|Any CPU.Build.0 = Debug|Any CPU
		{D649B28A-352C-4CB0-B6F2-0570DD181F60}.Debug-NUnit|Any CPU.ActiveCfg = Debug|Any CPU
		{D649B28A-352C-4CB0-B6F2-0570DD181F60}.Debug-NUnit|Any CPU.Build.0 = Debug|Any CPU
		{D649B28A-352C-4CB0-B6F2-0570DD181F60}.Debug-XUnit|Any CPU.ActiveCfg = Debug|Any CPU
		{D649B28A-352C-4CB0-B6F2-0570DD181F60}.Debug-XUnit|Any CPU.Build.0 = Debug|Any CPU
		{D649B28A-352C-4CB0-B6F2-0570DD181F60}.Release|Any CPU.ActiveCfg = Release|Any CPU
		{D649B28A-352C-4CB0-B6F2-0570DD181F60}.Release|Any CPU.Build.0 = Release|Any CPU
		{D649B28A-352C-4CB0-B6F2-0570DD181F60}.VS2010IntegrationTest|Any CPU.ActiveCfg = Release|Any CPU
		{D649B28A-352C-4CB0-B6F2-0570DD181F60}.VS2010IntegrationTest|Any CPU.Build.0 = Release|Any CPU
		{03A229D6-BB43-47CC-AAEF-B7265652AD5A}.Debug|Any CPU.ActiveCfg = Debug|Any CPU
		{03A229D6-BB43-47CC-AAEF-B7265652AD5A}.Debug|Any CPU.Build.0 = Debug|Any CPU
		{03A229D6-BB43-47CC-AAEF-B7265652AD5A}.Debug-MSTest|Any CPU.ActiveCfg = Debug-MSTest|Any CPU
		{03A229D6-BB43-47CC-AAEF-B7265652AD5A}.Debug-MSTest|Any CPU.Build.0 = Debug-MSTest|Any CPU
		{03A229D6-BB43-47CC-AAEF-B7265652AD5A}.Debug-NUnit|Any CPU.ActiveCfg = Debug-NUnit|Any CPU
		{03A229D6-BB43-47CC-AAEF-B7265652AD5A}.Debug-NUnit|Any CPU.Build.0 = Debug-NUnit|Any CPU
		{03A229D6-BB43-47CC-AAEF-B7265652AD5A}.Debug-XUnit|Any CPU.ActiveCfg = Debug-XUnit|Any CPU
		{03A229D6-BB43-47CC-AAEF-B7265652AD5A}.Debug-XUnit|Any CPU.Build.0 = Debug-XUnit|Any CPU
		{03A229D6-BB43-47CC-AAEF-B7265652AD5A}.Release|Any CPU.ActiveCfg = Release|Any CPU
		{03A229D6-BB43-47CC-AAEF-B7265652AD5A}.Release|Any CPU.Build.0 = Release|Any CPU
		{03A229D6-BB43-47CC-AAEF-B7265652AD5A}.VS2010IntegrationTest|Any CPU.ActiveCfg = Debug|Any CPU
		{03A229D6-BB43-47CC-AAEF-B7265652AD5A}.VS2010IntegrationTest|Any CPU.Build.0 = Debug|Any CPU
		{D151832C-15D6-4869-9999-B245443BC23E}.Debug|Any CPU.ActiveCfg = Debug|Any CPU
		{D151832C-15D6-4869-9999-B245443BC23E}.Debug|Any CPU.Build.0 = Debug|Any CPU
		{D151832C-15D6-4869-9999-B245443BC23E}.Debug-MSTest|Any CPU.ActiveCfg = Debug|Any CPU
		{D151832C-15D6-4869-9999-B245443BC23E}.Debug-MSTest|Any CPU.Build.0 = Debug|Any CPU
		{D151832C-15D6-4869-9999-B245443BC23E}.Debug-NUnit|Any CPU.ActiveCfg = Debug|Any CPU
		{D151832C-15D6-4869-9999-B245443BC23E}.Debug-NUnit|Any CPU.Build.0 = Debug|Any CPU
		{D151832C-15D6-4869-9999-B245443BC23E}.Debug-XUnit|Any CPU.ActiveCfg = Debug|Any CPU
		{D151832C-15D6-4869-9999-B245443BC23E}.Debug-XUnit|Any CPU.Build.0 = Debug|Any CPU
		{D151832C-15D6-4869-9999-B245443BC23E}.Release|Any CPU.ActiveCfg = Release|Any CPU
		{D151832C-15D6-4869-9999-B245443BC23E}.Release|Any CPU.Build.0 = Release|Any CPU
		{D151832C-15D6-4869-9999-B245443BC23E}.VS2010IntegrationTest|Any CPU.ActiveCfg = Release|Any CPU
		{D151832C-15D6-4869-9999-B245443BC23E}.VS2010IntegrationTest|Any CPU.Build.0 = Release|Any CPU
		{EC77355C-D442-416A-AE67-E42D5FAD0FB9}.Debug|Any CPU.ActiveCfg = Debug|Any CPU
		{EC77355C-D442-416A-AE67-E42D5FAD0FB9}.Debug|Any CPU.Build.0 = Debug|Any CPU
		{EC77355C-D442-416A-AE67-E42D5FAD0FB9}.Debug-MSTest|Any CPU.ActiveCfg = Debug|Any CPU
		{EC77355C-D442-416A-AE67-E42D5FAD0FB9}.Debug-MSTest|Any CPU.Build.0 = Debug|Any CPU
		{EC77355C-D442-416A-AE67-E42D5FAD0FB9}.Debug-NUnit|Any CPU.ActiveCfg = Debug|Any CPU
		{EC77355C-D442-416A-AE67-E42D5FAD0FB9}.Debug-NUnit|Any CPU.Build.0 = Debug|Any CPU
		{EC77355C-D442-416A-AE67-E42D5FAD0FB9}.Debug-XUnit|Any CPU.ActiveCfg = Debug|Any CPU
		{EC77355C-D442-416A-AE67-E42D5FAD0FB9}.Debug-XUnit|Any CPU.Build.0 = Debug|Any CPU
		{EC77355C-D442-416A-AE67-E42D5FAD0FB9}.Release|Any CPU.ActiveCfg = Release|Any CPU
		{EC77355C-D442-416A-AE67-E42D5FAD0FB9}.Release|Any CPU.Build.0 = Release|Any CPU
		{EC77355C-D442-416A-AE67-E42D5FAD0FB9}.VS2010IntegrationTest|Any CPU.ActiveCfg = Release|Any CPU
		{EC77355C-D442-416A-AE67-E42D5FAD0FB9}.VS2010IntegrationTest|Any CPU.Build.0 = Release|Any CPU
		{5CD2408D-6A5A-4824-8F28-A2421088BEF0}.Debug|Any CPU.ActiveCfg = Debug|Any CPU
		{5CD2408D-6A5A-4824-8F28-A2421088BEF0}.Debug|Any CPU.Build.0 = Debug|Any CPU
		{5CD2408D-6A5A-4824-8F28-A2421088BEF0}.Debug-MSTest|Any CPU.ActiveCfg = Debug|Any CPU
		{5CD2408D-6A5A-4824-8F28-A2421088BEF0}.Debug-MSTest|Any CPU.Build.0 = Debug|Any CPU
		{5CD2408D-6A5A-4824-8F28-A2421088BEF0}.Debug-NUnit|Any CPU.ActiveCfg = Debug|Any CPU
		{5CD2408D-6A5A-4824-8F28-A2421088BEF0}.Debug-NUnit|Any CPU.Build.0 = Debug|Any CPU
		{5CD2408D-6A5A-4824-8F28-A2421088BEF0}.Debug-XUnit|Any CPU.ActiveCfg = Debug|Any CPU
		{5CD2408D-6A5A-4824-8F28-A2421088BEF0}.Debug-XUnit|Any CPU.Build.0 = Debug|Any CPU
		{5CD2408D-6A5A-4824-8F28-A2421088BEF0}.Release|Any CPU.ActiveCfg = Release|Any CPU
		{5CD2408D-6A5A-4824-8F28-A2421088BEF0}.Release|Any CPU.Build.0 = Release|Any CPU
		{5CD2408D-6A5A-4824-8F28-A2421088BEF0}.VS2010IntegrationTest|Any CPU.ActiveCfg = Debug|Any CPU
		{5CD2408D-6A5A-4824-8F28-A2421088BEF0}.VS2010IntegrationTest|Any CPU.Build.0 = Debug|Any CPU
		{556F5CA5-5497-4F32-9926-77A9369AB09C}.Debug|Any CPU.ActiveCfg = Debug|Any CPU
		{556F5CA5-5497-4F32-9926-77A9369AB09C}.Debug|Any CPU.Build.0 = Debug|Any CPU
		{556F5CA5-5497-4F32-9926-77A9369AB09C}.Debug-MSTest|Any CPU.ActiveCfg = Debug|Any CPU
		{556F5CA5-5497-4F32-9926-77A9369AB09C}.Debug-MSTest|Any CPU.Build.0 = Debug|Any CPU
		{556F5CA5-5497-4F32-9926-77A9369AB09C}.Debug-NUnit|Any CPU.ActiveCfg = Debug|Any CPU
		{556F5CA5-5497-4F32-9926-77A9369AB09C}.Debug-NUnit|Any CPU.Build.0 = Debug|Any CPU
		{556F5CA5-5497-4F32-9926-77A9369AB09C}.Debug-XUnit|Any CPU.ActiveCfg = Debug|Any CPU
		{556F5CA5-5497-4F32-9926-77A9369AB09C}.Debug-XUnit|Any CPU.Build.0 = Debug|Any CPU
		{556F5CA5-5497-4F32-9926-77A9369AB09C}.Release|Any CPU.ActiveCfg = Release|Any CPU
		{556F5CA5-5497-4F32-9926-77A9369AB09C}.Release|Any CPU.Build.0 = Release|Any CPU
		{556F5CA5-5497-4F32-9926-77A9369AB09C}.VS2010IntegrationTest|Any CPU.ActiveCfg = Debug|Any CPU
		{556F5CA5-5497-4F32-9926-77A9369AB09C}.VS2010IntegrationTest|Any CPU.Build.0 = Debug|Any CPU
		{69473C7E-DBA7-478B-AE6D-C185AA910FD2}.Debug|Any CPU.ActiveCfg = Debug|Any CPU
		{69473C7E-DBA7-478B-AE6D-C185AA910FD2}.Debug|Any CPU.Build.0 = Debug|Any CPU
		{69473C7E-DBA7-478B-AE6D-C185AA910FD2}.Debug-MSTest|Any CPU.ActiveCfg = Debug|Any CPU
		{69473C7E-DBA7-478B-AE6D-C185AA910FD2}.Debug-MSTest|Any CPU.Build.0 = Debug|Any CPU
		{69473C7E-DBA7-478B-AE6D-C185AA910FD2}.Debug-NUnit|Any CPU.ActiveCfg = Debug|Any CPU
		{69473C7E-DBA7-478B-AE6D-C185AA910FD2}.Debug-NUnit|Any CPU.Build.0 = Debug|Any CPU
		{69473C7E-DBA7-478B-AE6D-C185AA910FD2}.Debug-XUnit|Any CPU.ActiveCfg = Debug|Any CPU
		{69473C7E-DBA7-478B-AE6D-C185AA910FD2}.Debug-XUnit|Any CPU.Build.0 = Debug|Any CPU
		{69473C7E-DBA7-478B-AE6D-C185AA910FD2}.Release|Any CPU.ActiveCfg = Release|Any CPU
		{69473C7E-DBA7-478B-AE6D-C185AA910FD2}.Release|Any CPU.Build.0 = Release|Any CPU
		{69473C7E-DBA7-478B-AE6D-C185AA910FD2}.VS2010IntegrationTest|Any CPU.ActiveCfg = Debug|Any CPU
		{69473C7E-DBA7-478B-AE6D-C185AA910FD2}.VS2010IntegrationTest|Any CPU.Build.0 = Debug|Any CPU
		{204B619C-6D4B-4384-B1E9-E231BA0081BF}.Debug|Any CPU.ActiveCfg = Debug|Any CPU
		{204B619C-6D4B-4384-B1E9-E231BA0081BF}.Debug|Any CPU.Build.0 = Debug|Any CPU
		{204B619C-6D4B-4384-B1E9-E231BA0081BF}.Debug-MSTest|Any CPU.ActiveCfg = Debug|Any CPU
		{204B619C-6D4B-4384-B1E9-E231BA0081BF}.Debug-MSTest|Any CPU.Build.0 = Debug|Any CPU
		{204B619C-6D4B-4384-B1E9-E231BA0081BF}.Debug-NUnit|Any CPU.ActiveCfg = Debug|Any CPU
		{204B619C-6D4B-4384-B1E9-E231BA0081BF}.Debug-NUnit|Any CPU.Build.0 = Debug|Any CPU
		{204B619C-6D4B-4384-B1E9-E231BA0081BF}.Debug-XUnit|Any CPU.ActiveCfg = Debug|Any CPU
		{204B619C-6D4B-4384-B1E9-E231BA0081BF}.Debug-XUnit|Any CPU.Build.0 = Debug|Any CPU
		{204B619C-6D4B-4384-B1E9-E231BA0081BF}.Release|Any CPU.ActiveCfg = Release|Any CPU
		{204B619C-6D4B-4384-B1E9-E231BA0081BF}.Release|Any CPU.Build.0 = Release|Any CPU
		{204B619C-6D4B-4384-B1E9-E231BA0081BF}.VS2010IntegrationTest|Any CPU.ActiveCfg = Debug|Any CPU
		{204B619C-6D4B-4384-B1E9-E231BA0081BF}.VS2010IntegrationTest|Any CPU.Build.0 = Debug|Any CPU
		{57335C6A-F74A-491A-8191-95E115B87638}.Debug|Any CPU.ActiveCfg = Debug|Any CPU
		{57335C6A-F74A-491A-8191-95E115B87638}.Debug|Any CPU.Build.0 = Debug|Any CPU
		{57335C6A-F74A-491A-8191-95E115B87638}.Debug-MSTest|Any CPU.ActiveCfg = Debug|Any CPU
		{57335C6A-F74A-491A-8191-95E115B87638}.Debug-MSTest|Any CPU.Build.0 = Debug|Any CPU
		{57335C6A-F74A-491A-8191-95E115B87638}.Debug-NUnit|Any CPU.ActiveCfg = Debug|Any CPU
		{57335C6A-F74A-491A-8191-95E115B87638}.Debug-NUnit|Any CPU.Build.0 = Debug|Any CPU
		{57335C6A-F74A-491A-8191-95E115B87638}.Debug-XUnit|Any CPU.ActiveCfg = Debug|Any CPU
		{57335C6A-F74A-491A-8191-95E115B87638}.Debug-XUnit|Any CPU.Build.0 = Debug|Any CPU
		{57335C6A-F74A-491A-8191-95E115B87638}.Release|Any CPU.ActiveCfg = Release|Any CPU
		{57335C6A-F74A-491A-8191-95E115B87638}.Release|Any CPU.Build.0 = Release|Any CPU
		{57335C6A-F74A-491A-8191-95E115B87638}.VS2010IntegrationTest|Any CPU.ActiveCfg = Debug|Any CPU
		{57335C6A-F74A-491A-8191-95E115B87638}.VS2010IntegrationTest|Any CPU.Build.0 = Debug|Any CPU
		{FA9DFEFA-4F35-4A57-91AE-64C7B5D41EAA}.Debug|Any CPU.ActiveCfg = Debug|Any CPU
		{FA9DFEFA-4F35-4A57-91AE-64C7B5D41EAA}.Debug|Any CPU.Build.0 = Debug|Any CPU
		{FA9DFEFA-4F35-4A57-91AE-64C7B5D41EAA}.Debug-MSTest|Any CPU.ActiveCfg = Debug|Any CPU
		{FA9DFEFA-4F35-4A57-91AE-64C7B5D41EAA}.Debug-MSTest|Any CPU.Build.0 = Debug|Any CPU
		{FA9DFEFA-4F35-4A57-91AE-64C7B5D41EAA}.Debug-NUnit|Any CPU.ActiveCfg = Debug|Any CPU
		{FA9DFEFA-4F35-4A57-91AE-64C7B5D41EAA}.Debug-NUnit|Any CPU.Build.0 = Debug|Any CPU
		{FA9DFEFA-4F35-4A57-91AE-64C7B5D41EAA}.Debug-XUnit|Any CPU.ActiveCfg = Debug|Any CPU
		{FA9DFEFA-4F35-4A57-91AE-64C7B5D41EAA}.Debug-XUnit|Any CPU.Build.0 = Debug|Any CPU
		{FA9DFEFA-4F35-4A57-91AE-64C7B5D41EAA}.Release|Any CPU.ActiveCfg = Release|Any CPU
		{FA9DFEFA-4F35-4A57-91AE-64C7B5D41EAA}.Release|Any CPU.Build.0 = Release|Any CPU
		{FA9DFEFA-4F35-4A57-91AE-64C7B5D41EAA}.VS2010IntegrationTest|Any CPU.ActiveCfg = Debug|Any CPU
		{FA9DFEFA-4F35-4A57-91AE-64C7B5D41EAA}.VS2010IntegrationTest|Any CPU.Build.0 = Debug|Any CPU
		{02A08F81-B90F-4EB3-9C30-CE7447DE2012}.Debug|Any CPU.ActiveCfg = Debug|Any CPU
		{02A08F81-B90F-4EB3-9C30-CE7447DE2012}.Debug|Any CPU.Build.0 = Debug|Any CPU
		{02A08F81-B90F-4EB3-9C30-CE7447DE2012}.Debug-MSTest|Any CPU.ActiveCfg = Debug|Any CPU
		{02A08F81-B90F-4EB3-9C30-CE7447DE2012}.Debug-MSTest|Any CPU.Build.0 = Debug|Any CPU
		{02A08F81-B90F-4EB3-9C30-CE7447DE2012}.Debug-NUnit|Any CPU.ActiveCfg = Debug|Any CPU
		{02A08F81-B90F-4EB3-9C30-CE7447DE2012}.Debug-NUnit|Any CPU.Build.0 = Debug|Any CPU
		{02A08F81-B90F-4EB3-9C30-CE7447DE2012}.Debug-XUnit|Any CPU.ActiveCfg = Debug|Any CPU
		{02A08F81-B90F-4EB3-9C30-CE7447DE2012}.Debug-XUnit|Any CPU.Build.0 = Debug|Any CPU
		{02A08F81-B90F-4EB3-9C30-CE7447DE2012}.Release|Any CPU.ActiveCfg = Release|Any CPU
		{02A08F81-B90F-4EB3-9C30-CE7447DE2012}.Release|Any CPU.Build.0 = Release|Any CPU
		{02A08F81-B90F-4EB3-9C30-CE7447DE2012}.VS2010IntegrationTest|Any CPU.ActiveCfg = Debug|Any CPU
		{02A08F81-B90F-4EB3-9C30-CE7447DE2012}.VS2010IntegrationTest|Any CPU.Build.0 = Debug|Any CPU
		{EA16606D-6F1C-4A4D-B7A1-8A08B448CD86}.Debug|Any CPU.ActiveCfg = Debug|Any CPU
		{EA16606D-6F1C-4A4D-B7A1-8A08B448CD86}.Debug|Any CPU.Build.0 = Debug|Any CPU
		{EA16606D-6F1C-4A4D-B7A1-8A08B448CD86}.Debug-MSTest|Any CPU.ActiveCfg = Debug|Any CPU
		{EA16606D-6F1C-4A4D-B7A1-8A08B448CD86}.Debug-MSTest|Any CPU.Build.0 = Debug|Any CPU
		{EA16606D-6F1C-4A4D-B7A1-8A08B448CD86}.Debug-NUnit|Any CPU.ActiveCfg = Debug|Any CPU
		{EA16606D-6F1C-4A4D-B7A1-8A08B448CD86}.Debug-NUnit|Any CPU.Build.0 = Debug|Any CPU
		{EA16606D-6F1C-4A4D-B7A1-8A08B448CD86}.Debug-XUnit|Any CPU.ActiveCfg = Debug|Any CPU
		{EA16606D-6F1C-4A4D-B7A1-8A08B448CD86}.Debug-XUnit|Any CPU.Build.0 = Debug|Any CPU
		{EA16606D-6F1C-4A4D-B7A1-8A08B448CD86}.Release|Any CPU.ActiveCfg = Release|Any CPU
		{EA16606D-6F1C-4A4D-B7A1-8A08B448CD86}.Release|Any CPU.Build.0 = Release|Any CPU
		{EA16606D-6F1C-4A4D-B7A1-8A08B448CD86}.VS2010IntegrationTest|Any CPU.ActiveCfg = Release|Any CPU
		{EA16606D-6F1C-4A4D-B7A1-8A08B448CD86}.VS2010IntegrationTest|Any CPU.Build.0 = Release|Any CPU
		{B7F589EB-524F-4BAD-9419-6576F6527670}.Debug|Any CPU.ActiveCfg = Debug|Any CPU
		{B7F589EB-524F-4BAD-9419-6576F6527670}.Debug|Any CPU.Build.0 = Debug|Any CPU
		{B7F589EB-524F-4BAD-9419-6576F6527670}.Debug-MSTest|Any CPU.ActiveCfg = Debug|Any CPU
		{B7F589EB-524F-4BAD-9419-6576F6527670}.Debug-MSTest|Any CPU.Build.0 = Debug|Any CPU
		{B7F589EB-524F-4BAD-9419-6576F6527670}.Debug-NUnit|Any CPU.ActiveCfg = Debug|Any CPU
		{B7F589EB-524F-4BAD-9419-6576F6527670}.Debug-NUnit|Any CPU.Build.0 = Debug|Any CPU
		{B7F589EB-524F-4BAD-9419-6576F6527670}.Debug-XUnit|Any CPU.ActiveCfg = Debug|Any CPU
		{B7F589EB-524F-4BAD-9419-6576F6527670}.Debug-XUnit|Any CPU.Build.0 = Debug|Any CPU
		{B7F589EB-524F-4BAD-9419-6576F6527670}.Release|Any CPU.ActiveCfg = Release|Any CPU
		{B7F589EB-524F-4BAD-9419-6576F6527670}.Release|Any CPU.Build.0 = Release|Any CPU
		{B7F589EB-524F-4BAD-9419-6576F6527670}.VS2010IntegrationTest|Any CPU.ActiveCfg = Debug|Any CPU
		{B7F589EB-524F-4BAD-9419-6576F6527670}.VS2010IntegrationTest|Any CPU.Build.0 = Debug|Any CPU
		{A3931239-01D7-4277-9A7C-44D751BA746A}.Debug|Any CPU.ActiveCfg = Debug|Any CPU
		{A3931239-01D7-4277-9A7C-44D751BA746A}.Debug|Any CPU.Build.0 = Debug|Any CPU
		{A3931239-01D7-4277-9A7C-44D751BA746A}.Debug-MSTest|Any CPU.ActiveCfg = Debug|Any CPU
		{A3931239-01D7-4277-9A7C-44D751BA746A}.Debug-MSTest|Any CPU.Build.0 = Debug|Any CPU
		{A3931239-01D7-4277-9A7C-44D751BA746A}.Debug-NUnit|Any CPU.ActiveCfg = Debug|Any CPU
		{A3931239-01D7-4277-9A7C-44D751BA746A}.Debug-NUnit|Any CPU.Build.0 = Debug|Any CPU
		{A3931239-01D7-4277-9A7C-44D751BA746A}.Debug-XUnit|Any CPU.ActiveCfg = Debug|Any CPU
		{A3931239-01D7-4277-9A7C-44D751BA746A}.Debug-XUnit|Any CPU.Build.0 = Debug|Any CPU
		{A3931239-01D7-4277-9A7C-44D751BA746A}.Release|Any CPU.ActiveCfg = Release|Any CPU
		{A3931239-01D7-4277-9A7C-44D751BA746A}.Release|Any CPU.Build.0 = Release|Any CPU
		{A3931239-01D7-4277-9A7C-44D751BA746A}.VS2010IntegrationTest|Any CPU.ActiveCfg = Release|Any CPU
		{A3931239-01D7-4277-9A7C-44D751BA746A}.VS2010IntegrationTest|Any CPU.Build.0 = Release|Any CPU
		{AF7CACE6-1F26-454D-A814-19CFCF7C5810}.Debug|Any CPU.ActiveCfg = Debug|Any CPU
		{AF7CACE6-1F26-454D-A814-19CFCF7C5810}.Debug|Any CPU.Build.0 = Debug|Any CPU
		{AF7CACE6-1F26-454D-A814-19CFCF7C5810}.Debug-MSTest|Any CPU.ActiveCfg = Debug|Any CPU
		{AF7CACE6-1F26-454D-A814-19CFCF7C5810}.Debug-MSTest|Any CPU.Build.0 = Debug|Any CPU
		{AF7CACE6-1F26-454D-A814-19CFCF7C5810}.Debug-NUnit|Any CPU.ActiveCfg = Debug|Any CPU
		{AF7CACE6-1F26-454D-A814-19CFCF7C5810}.Debug-NUnit|Any CPU.Build.0 = Debug|Any CPU
		{AF7CACE6-1F26-454D-A814-19CFCF7C5810}.Debug-XUnit|Any CPU.ActiveCfg = Debug|Any CPU
		{AF7CACE6-1F26-454D-A814-19CFCF7C5810}.Debug-XUnit|Any CPU.Build.0 = Debug|Any CPU
		{AF7CACE6-1F26-454D-A814-19CFCF7C5810}.Release|Any CPU.ActiveCfg = Release|Any CPU
		{AF7CACE6-1F26-454D-A814-19CFCF7C5810}.Release|Any CPU.Build.0 = Release|Any CPU
		{AF7CACE6-1F26-454D-A814-19CFCF7C5810}.VS2010IntegrationTest|Any CPU.ActiveCfg = Release|Any CPU
		{AF7CACE6-1F26-454D-A814-19CFCF7C5810}.VS2010IntegrationTest|Any CPU.Build.0 = Release|Any CPU
	EndGlobalSection
	GlobalSection(SolutionProperties) = preSolution
		HideSolutionNode = FALSE
	EndGlobalSection
	GlobalSection(NestedProjects) = preSolution
		{0359B7D7-7E29-48E9-8DF9-7D1FACFA5CFA} = {A10B5CD6-38EC-4D7E-9D1C-2EBA8017E437}
		{D87E7021-4926-4F5A-AC81-92AFC575FB7E} = {577A0375-1436-446C-802B-3C75C8CEF94F}
		{2D7D31B3-E8D0-445A-BB24-216ABA3CB778} = {A10B5CD6-38EC-4D7E-9D1C-2EBA8017E437}
		{48E0CB65-33D4-49CD-9E22-1AD49D8684B0} = {0359B7D7-7E29-48E9-8DF9-7D1FACFA5CFA}
		{7E637287-6E34-4BEC-8226-B052062AEA1F} = {0359B7D7-7E29-48E9-8DF9-7D1FACFA5CFA}
		{FA04B445-D04C-4075-9EB0-4D0A70E47FC4} = {974420E8-FEEA-4564-B4CE-BE06F7457E3B}
		{1B51F6C9-226E-479B-9212-E6C02A1E6633} = {974420E8-FEEA-4564-B4CE-BE06F7457E3B}
		{D649B28A-352C-4CB0-B6F2-0570DD181F60} = {8BE0FE31-6A52-452E-BE71-B8C64A3ED402}
		{03A229D6-BB43-47CC-AAEF-B7265652AD5A} = {A10B5CD6-38EC-4D7E-9D1C-2EBA8017E437}
		{D151832C-15D6-4869-9999-B245443BC23E} = {8BE0FE31-6A52-452E-BE71-B8C64A3ED402}
		{EC77355C-D442-416A-AE67-E42D5FAD0FB9} = {8BE0FE31-6A52-452E-BE71-B8C64A3ED402}
		{5CD2408D-6A5A-4824-8F28-A2421088BEF0} = {8BE0FE31-6A52-452E-BE71-B8C64A3ED402}
		{556F5CA5-5497-4F32-9926-77A9369AB09C} = {8BE0FE31-6A52-452E-BE71-B8C64A3ED402}
		{69473C7E-DBA7-478B-AE6D-C185AA910FD2} = {8BE0FE31-6A52-452E-BE71-B8C64A3ED402}
		{204B619C-6D4B-4384-B1E9-E231BA0081BF} = {0359B7D7-7E29-48E9-8DF9-7D1FACFA5CFA}
		{57335C6A-F74A-491A-8191-95E115B87638} = {DCE0C3C4-5BC6-4A30-86BE-3FEFF4677A01}
		{FA9DFEFA-4F35-4A57-91AE-64C7B5D41EAA} = {DCE0C3C4-5BC6-4A30-86BE-3FEFF4677A01}
		{02A08F81-B90F-4EB3-9C30-CE7447DE2012} = {A10B5CD6-38EC-4D7E-9D1C-2EBA8017E437}
		{48E162BC-9431-450D-8353-66D396DCB5FE} = {577A0375-1436-446C-802B-3C75C8CEF94F}
		{EA16606D-6F1C-4A4D-B7A1-8A08B448CD86} = {8BE0FE31-6A52-452E-BE71-B8C64A3ED402}
		{B7F589EB-524F-4BAD-9419-6576F6527670} = {05275A0B-57E4-484C-B181-227697C7B89A}
		{A3931239-01D7-4277-9A7C-44D751BA746A} = {8BE0FE31-6A52-452E-BE71-B8C64A3ED402}
		{16EAF4F9-9860-4BB9-8992-98522E68E570} = {8BE0FE31-6A52-452E-BE71-B8C64A3ED402}
		{AF7CACE6-1F26-454D-A814-19CFCF7C5810} = {16EAF4F9-9860-4BB9-8992-98522E68E570}
	EndGlobalSection
	GlobalSection(ExtensibilityGlobals) = postSolution
		SolutionGuid = {A4D0636F-0160-4FA5-81A3-9784C7E3B3A4}
	EndGlobalSection
EndGlobal
