Microsoft Visual Studio Solution File, Format Version 12.00
# Visual Studio 15
VisualStudioVersion = 15.0.27004.2009
MinimumVisualStudioVersion = 10.0.40219.1
Project("{2150E333-8FDC-42A3-9474-1A3956D46DE8}") = "Setup", "Setup", "{DCE0C3C4-5BC6-4A30-86BE-3FEFF4677A01}"
EndProject
Project("{2150E333-8FDC-42A3-9474-1A3956D46DE8}") = "Tests", "Tests", "{A10B5CD6-38EC-4D7E-9D1C-2EBA8017E437}"
EndProject
Project("{2150E333-8FDC-42A3-9474-1A3956D46DE8}") = "Solution Items", "Solution Items", "{577A0375-1436-446C-802B-3C75C8CEF94F}"
	ProjectSection(SolutionItems) = preProject
		appveyor.yml = appveyor.yml
		changelog.txt = changelog.txt
		CommonAssemblyInfo.cs = CommonAssemblyInfo.cs
		LICENSE.txt = LICENSE.txt
		nuget.config = nuget.config
		README.md = README.md
	EndProjectSection
EndProject
Project("{FAE04EC0-301F-11D3-BF4B-00C04F79EFBC}") = "TechTalk.SpecFlow.Reporting", "TechTalk.SpecFlow.Reporting\TechTalk.SpecFlow.Reporting.csproj", "{FC43509F-E7D3-40C4-B4C3-1E6C9D5530A4}"
EndProject
Project("{FAE04EC0-301F-11D3-BF4B-00C04F79EFBC}") = "TechTalk.SpecFlow", "TechTalk.SpecFlow\TechTalk.SpecFlow.csproj", "{413EE28C-4F89-4C6F-BA1E-2CDEE4CD43B4}"
EndProject
Project("{FAE04EC0-301F-11D3-BF4B-00C04F79EFBC}") = "TechTalk.SpecFlow.Parser", "TechTalk.SpecFlow.Parser\TechTalk.SpecFlow.Parser.csproj", "{7CCEF6D6-FC17-422E-9BED-EDD752B6496F}"
EndProject
Project("{FAE04EC0-301F-11D3-BF4B-00C04F79EFBC}") = "RuntimeTests", "Tests\TechTalk.SpecFlow.RuntimeTests\RuntimeTests.csproj", "{F8FACCF0-5497-4C6B-861F-78D72FD9561B}"
EndProject
Project("{FAE04EC0-301F-11D3-BF4B-00C04F79EFBC}") = "TechTalk.SpecFlow.Generator", "TechTalk.SpecFlow.Generator\TechTalk.SpecFlow.Generator.csproj", "{453D8014-B6CD-4E86-80A8-D59F59092334}"
EndProject
Project("{FAE04EC0-301F-11D3-BF4B-00C04F79EFBC}") = "TechTalk.SpecFlow.Tools", "TechTalk.SpecFlow.Tools\TechTalk.SpecFlow.Tools.csproj", "{87BE7FE6-C3DE-4409-ABF6-FA5B60AF3DE1}"
EndProject
Project("{FAE04EC0-301F-11D3-BF4B-00C04F79EFBC}") = "ImportGherkinParser", "Installer\ImportGherkinParser\ImportGherkinParser.csproj", "{0D3D2616-F53C-46A2-ADEB-273D140C1267}"
EndProject
Project("{FAE04EC0-301F-11D3-BF4B-00C04F79EFBC}") = "TechTalk.SpecFlow.Utils", "TechTalk.SpecFlow.Utils\TechTalk.SpecFlow.Utils.csproj", "{C0AF4A43-0C3B-47C7-86DE-79FB632B1453}"
EndProject
Project("{FAE04EC0-301F-11D3-BF4B-00C04F79EFBC}") = "SpecFlowBinPackage", "Installer\SpecFlowBinPackage\SpecFlowBinPackage.csproj", "{27B6695E-7049-4C1B-8820-812722128D9E}"
	ProjectSection(ProjectDependencies) = postProject
		{C0AF4A43-0C3B-47C7-86DE-79FB632B1453} = {C0AF4A43-0C3B-47C7-86DE-79FB632B1453}
		{FC43509F-E7D3-40C4-B4C3-1E6C9D5530A4} = {FC43509F-E7D3-40C4-B4C3-1E6C9D5530A4}
		{7CCEF6D6-FC17-422E-9BED-EDD752B6496F} = {7CCEF6D6-FC17-422E-9BED-EDD752B6496F}
	EndProjectSection
EndProject
Project("{FAE04EC0-301F-11D3-BF4B-00C04F79EFBC}") = "GeneratorTests", "Tests\TechTalk.SpecFlow.GeneratorTests\GeneratorTests.csproj", "{97C30FCC-3093-4430-93DC-D671C656C404}"
EndProject
Project("{FAE04EC0-301F-11D3-BF4B-00C04F79EFBC}") = "NuGetPackages", "Installer\NuGetPackages\NuGetPackages.csproj", "{7A9F3EE4-2FAE-4AA3-95DF-4D9F7D879E7C}"
	ProjectSection(ProjectDependencies) = postProject
		{27B6695E-7049-4C1B-8820-812722128D9E} = {27B6695E-7049-4C1B-8820-812722128D9E}
	EndProjectSection
EndProject
Project("{2150E333-8FDC-42A3-9474-1A3956D46DE8}") = "UnitTests", "UnitTests", "{0359B7D7-7E29-48E9-8DF9-7D1FACFA5CFA}"
EndProject
Project("{FAE04EC0-301F-11D3-BF4B-00C04F79EFBC}") = "TechTalk.SpecFlow.Specs", "Tests\TechTalk.SpecFlow.Specs\TechTalk.SpecFlow.Specs.csproj", "{ADED3F39-1742-42E2-A55A-3043AC84BDAD}"
EndProject
Project("{FAE04EC0-301F-11D3-BF4B-00C04F79EFBC}") = "TechTalk.SpecFlow.IntegrationTests", "Tests\TechTalk.SpecFlow.IntegrationTests\TechTalk.SpecFlow.IntegrationTests.csproj", "{33B3107E-666D-4C31-96C0-745697E51973}"
EndProject
Project("{FAE04EC0-301F-11D3-BF4B-00C04F79EFBC}") = "TechTalk.SpecFlow.Parser.Compatibility", "TechTalk.SpecFlow.Parser.Compatibility\TechTalk.SpecFlow.Parser.Compatibility.csproj", "{B4588E81-C589-434F-8F12-3D881433C3E4}"
EndProject
Project("{2150E333-8FDC-42A3-9474-1A3956D46DE8}") = "Build", "Build", "{D87E7021-4926-4F5A-AC81-92AFC575FB7E}"
	ProjectSection(SolutionItems) = preProject
		Build\Versioning.targets = Build\Versioning.targets
	EndProjectSection
EndProject
Project("{FAE04EC0-301F-11D3-BF4B-00C04F79EFBC}") = "DummyProjectForHoldingTheNUnit2Reference", "Tests\DummyProjectForHoldingTheNUnit2Reference\DummyProjectForHoldingTheNUnit2Reference.csproj", "{DBEEB615-5991-46BC-B274-1516BD0F3D91}"
EndProject
Project("{9A19103F-16F7-4668-BE54-9A1E7A4F7556}") = "SpecFlow.TestProjectGenerator", "SpecFlow.TestGenerator\SpecFlow.TestProjectGenerator\SpecFlow.TestProjectGenerator.csproj", "{FA04B445-D04C-4075-9EB0-4D0A70E47FC4}"
EndProject
Global
	GlobalSection(SolutionConfigurationPlatforms) = preSolution
		Debug|Any CPU = Debug|Any CPU
		Release|Any CPU = Release|Any CPU
		VS2010IntegrationTest|Any CPU = VS2010IntegrationTest|Any CPU
	EndGlobalSection
	GlobalSection(ProjectConfigurationPlatforms) = postSolution
		{FC43509F-E7D3-40C4-B4C3-1E6C9D5530A4}.Debug|Any CPU.ActiveCfg = Debug|Any CPU
		{FC43509F-E7D3-40C4-B4C3-1E6C9D5530A4}.Debug|Any CPU.Build.0 = Debug|Any CPU
		{FC43509F-E7D3-40C4-B4C3-1E6C9D5530A4}.Release|Any CPU.ActiveCfg = Release|Any CPU
		{FC43509F-E7D3-40C4-B4C3-1E6C9D5530A4}.Release|Any CPU.Build.0 = Release|Any CPU
		{FC43509F-E7D3-40C4-B4C3-1E6C9D5530A4}.VS2010IntegrationTest|Any CPU.ActiveCfg = Debug|Any CPU
		{FC43509F-E7D3-40C4-B4C3-1E6C9D5530A4}.VS2010IntegrationTest|Any CPU.Build.0 = Debug|Any CPU
		{413EE28C-4F89-4C6F-BA1E-2CDEE4CD43B4}.Debug|Any CPU.ActiveCfg = Debug|Any CPU
		{413EE28C-4F89-4C6F-BA1E-2CDEE4CD43B4}.Debug|Any CPU.Build.0 = Debug|Any CPU
		{413EE28C-4F89-4C6F-BA1E-2CDEE4CD43B4}.Release|Any CPU.ActiveCfg = Release|Any CPU
		{413EE28C-4F89-4C6F-BA1E-2CDEE4CD43B4}.Release|Any CPU.Build.0 = Release|Any CPU
		{413EE28C-4F89-4C6F-BA1E-2CDEE4CD43B4}.VS2010IntegrationTest|Any CPU.ActiveCfg = Debug|Any CPU
		{413EE28C-4F89-4C6F-BA1E-2CDEE4CD43B4}.VS2010IntegrationTest|Any CPU.Build.0 = Debug|Any CPU
		{7CCEF6D6-FC17-422E-9BED-EDD752B6496F}.Debug|Any CPU.ActiveCfg = Debug|Any CPU
		{7CCEF6D6-FC17-422E-9BED-EDD752B6496F}.Debug|Any CPU.Build.0 = Debug|Any CPU
		{7CCEF6D6-FC17-422E-9BED-EDD752B6496F}.Release|Any CPU.ActiveCfg = Release|Any CPU
		{7CCEF6D6-FC17-422E-9BED-EDD752B6496F}.Release|Any CPU.Build.0 = Release|Any CPU
		{7CCEF6D6-FC17-422E-9BED-EDD752B6496F}.VS2010IntegrationTest|Any CPU.ActiveCfg = Debug|Any CPU
		{7CCEF6D6-FC17-422E-9BED-EDD752B6496F}.VS2010IntegrationTest|Any CPU.Build.0 = Debug|Any CPU
		{F8FACCF0-5497-4C6B-861F-78D72FD9561B}.Debug|Any CPU.ActiveCfg = Debug|Any CPU
		{F8FACCF0-5497-4C6B-861F-78D72FD9561B}.Debug|Any CPU.Build.0 = Debug|Any CPU
		{F8FACCF0-5497-4C6B-861F-78D72FD9561B}.Release|Any CPU.ActiveCfg = Release|Any CPU
		{F8FACCF0-5497-4C6B-861F-78D72FD9561B}.Release|Any CPU.Build.0 = Release|Any CPU
		{F8FACCF0-5497-4C6B-861F-78D72FD9561B}.VS2010IntegrationTest|Any CPU.ActiveCfg = Debug|Any CPU
		{F8FACCF0-5497-4C6B-861F-78D72FD9561B}.VS2010IntegrationTest|Any CPU.Build.0 = Debug|Any CPU
		{453D8014-B6CD-4E86-80A8-D59F59092334}.Debug|Any CPU.ActiveCfg = Debug|Any CPU
		{453D8014-B6CD-4E86-80A8-D59F59092334}.Debug|Any CPU.Build.0 = Debug|Any CPU
		{453D8014-B6CD-4E86-80A8-D59F59092334}.Release|Any CPU.ActiveCfg = Release|Any CPU
		{453D8014-B6CD-4E86-80A8-D59F59092334}.Release|Any CPU.Build.0 = Release|Any CPU
		{453D8014-B6CD-4E86-80A8-D59F59092334}.VS2010IntegrationTest|Any CPU.ActiveCfg = Debug|Any CPU
		{453D8014-B6CD-4E86-80A8-D59F59092334}.VS2010IntegrationTest|Any CPU.Build.0 = Debug|Any CPU
		{87BE7FE6-C3DE-4409-ABF6-FA5B60AF3DE1}.Debug|Any CPU.ActiveCfg = Debug|Any CPU
		{87BE7FE6-C3DE-4409-ABF6-FA5B60AF3DE1}.Debug|Any CPU.Build.0 = Debug|Any CPU
		{87BE7FE6-C3DE-4409-ABF6-FA5B60AF3DE1}.Release|Any CPU.ActiveCfg = Release|Any CPU
		{87BE7FE6-C3DE-4409-ABF6-FA5B60AF3DE1}.Release|Any CPU.Build.0 = Release|Any CPU
		{87BE7FE6-C3DE-4409-ABF6-FA5B60AF3DE1}.VS2010IntegrationTest|Any CPU.ActiveCfg = Debug|Any CPU
		{87BE7FE6-C3DE-4409-ABF6-FA5B60AF3DE1}.VS2010IntegrationTest|Any CPU.Build.0 = Debug|Any CPU
		{0D3D2616-F53C-46A2-ADEB-273D140C1267}.Debug|Any CPU.ActiveCfg = Debug|Any CPU
		{0D3D2616-F53C-46A2-ADEB-273D140C1267}.Debug|Any CPU.Build.0 = Debug|Any CPU
		{0D3D2616-F53C-46A2-ADEB-273D140C1267}.Release|Any CPU.ActiveCfg = Release|Any CPU
		{0D3D2616-F53C-46A2-ADEB-273D140C1267}.Release|Any CPU.Build.0 = Release|Any CPU
		{0D3D2616-F53C-46A2-ADEB-273D140C1267}.VS2010IntegrationTest|Any CPU.ActiveCfg = Debug|Any CPU
		{0D3D2616-F53C-46A2-ADEB-273D140C1267}.VS2010IntegrationTest|Any CPU.Build.0 = Debug|Any CPU
		{C0AF4A43-0C3B-47C7-86DE-79FB632B1453}.Debug|Any CPU.ActiveCfg = Debug|Any CPU
		{C0AF4A43-0C3B-47C7-86DE-79FB632B1453}.Debug|Any CPU.Build.0 = Debug|Any CPU
		{C0AF4A43-0C3B-47C7-86DE-79FB632B1453}.Release|Any CPU.ActiveCfg = Release|Any CPU
		{C0AF4A43-0C3B-47C7-86DE-79FB632B1453}.Release|Any CPU.Build.0 = Release|Any CPU
		{C0AF4A43-0C3B-47C7-86DE-79FB632B1453}.VS2010IntegrationTest|Any CPU.ActiveCfg = Debug|Any CPU
		{C0AF4A43-0C3B-47C7-86DE-79FB632B1453}.VS2010IntegrationTest|Any CPU.Build.0 = Debug|Any CPU
		{27B6695E-7049-4C1B-8820-812722128D9E}.Debug|Any CPU.ActiveCfg = Debug|Any CPU
		{27B6695E-7049-4C1B-8820-812722128D9E}.Debug|Any CPU.Build.0 = Debug|Any CPU
		{27B6695E-7049-4C1B-8820-812722128D9E}.Release|Any CPU.ActiveCfg = Release|Any CPU
		{27B6695E-7049-4C1B-8820-812722128D9E}.Release|Any CPU.Build.0 = Release|Any CPU
		{27B6695E-7049-4C1B-8820-812722128D9E}.VS2010IntegrationTest|Any CPU.ActiveCfg = Debug|Any CPU
		{27B6695E-7049-4C1B-8820-812722128D9E}.VS2010IntegrationTest|Any CPU.Build.0 = Debug|Any CPU
		{97C30FCC-3093-4430-93DC-D671C656C404}.Debug|Any CPU.ActiveCfg = Debug|Any CPU
		{97C30FCC-3093-4430-93DC-D671C656C404}.Debug|Any CPU.Build.0 = Debug|Any CPU
		{97C30FCC-3093-4430-93DC-D671C656C404}.Release|Any CPU.ActiveCfg = Release|Any CPU
		{97C30FCC-3093-4430-93DC-D671C656C404}.Release|Any CPU.Build.0 = Release|Any CPU
		{97C30FCC-3093-4430-93DC-D671C656C404}.VS2010IntegrationTest|Any CPU.ActiveCfg = Debug|Any CPU
		{97C30FCC-3093-4430-93DC-D671C656C404}.VS2010IntegrationTest|Any CPU.Build.0 = Debug|Any CPU
		{7A9F3EE4-2FAE-4AA3-95DF-4D9F7D879E7C}.Debug|Any CPU.ActiveCfg = Debug|Any CPU
		{7A9F3EE4-2FAE-4AA3-95DF-4D9F7D879E7C}.Debug|Any CPU.Build.0 = Debug|Any CPU
		{7A9F3EE4-2FAE-4AA3-95DF-4D9F7D879E7C}.Release|Any CPU.ActiveCfg = Release|Any CPU
		{7A9F3EE4-2FAE-4AA3-95DF-4D9F7D879E7C}.Release|Any CPU.Build.0 = Release|Any CPU
		{7A9F3EE4-2FAE-4AA3-95DF-4D9F7D879E7C}.VS2010IntegrationTest|Any CPU.ActiveCfg = Debug|Any CPU
		{ADED3F39-1742-42E2-A55A-3043AC84BDAD}.Debug|Any CPU.ActiveCfg = Debug|Any CPU
		{ADED3F39-1742-42E2-A55A-3043AC84BDAD}.Debug|Any CPU.Build.0 = Debug|Any CPU
		{ADED3F39-1742-42E2-A55A-3043AC84BDAD}.Release|Any CPU.ActiveCfg = Release|Any CPU
		{ADED3F39-1742-42E2-A55A-3043AC84BDAD}.Release|Any CPU.Build.0 = Release|Any CPU
		{ADED3F39-1742-42E2-A55A-3043AC84BDAD}.VS2010IntegrationTest|Any CPU.ActiveCfg = Debug|Any CPU
		{ADED3F39-1742-42E2-A55A-3043AC84BDAD}.VS2010IntegrationTest|Any CPU.Build.0 = Debug|Any CPU
		{33B3107E-666D-4C31-96C0-745697E51973}.Debug|Any CPU.ActiveCfg = Debug|Any CPU
		{33B3107E-666D-4C31-96C0-745697E51973}.Debug|Any CPU.Build.0 = Debug|Any CPU
		{33B3107E-666D-4C31-96C0-745697E51973}.Release|Any CPU.ActiveCfg = Release|Any CPU
		{33B3107E-666D-4C31-96C0-745697E51973}.Release|Any CPU.Build.0 = Release|Any CPU
		{33B3107E-666D-4C31-96C0-745697E51973}.VS2010IntegrationTest|Any CPU.ActiveCfg = Debug|Any CPU
		{33B3107E-666D-4C31-96C0-745697E51973}.VS2010IntegrationTest|Any CPU.Build.0 = Debug|Any CPU
		{B4588E81-C589-434F-8F12-3D881433C3E4}.Debug|Any CPU.ActiveCfg = Debug|Any CPU
		{B4588E81-C589-434F-8F12-3D881433C3E4}.Debug|Any CPU.Build.0 = Debug|Any CPU
		{B4588E81-C589-434F-8F12-3D881433C3E4}.Release|Any CPU.ActiveCfg = Release|Any CPU
		{B4588E81-C589-434F-8F12-3D881433C3E4}.Release|Any CPU.Build.0 = Release|Any CPU
		{B4588E81-C589-434F-8F12-3D881433C3E4}.VS2010IntegrationTest|Any CPU.ActiveCfg = Release|Any CPU
		{B4588E81-C589-434F-8F12-3D881433C3E4}.VS2010IntegrationTest|Any CPU.Build.0 = Release|Any CPU
		{DBEEB615-5991-46BC-B274-1516BD0F3D91}.Debug|Any CPU.ActiveCfg = Debug|Any CPU
		{DBEEB615-5991-46BC-B274-1516BD0F3D91}.Debug|Any CPU.Build.0 = Debug|Any CPU
		{DBEEB615-5991-46BC-B274-1516BD0F3D91}.Release|Any CPU.ActiveCfg = Release|Any CPU
		{DBEEB615-5991-46BC-B274-1516BD0F3D91}.Release|Any CPU.Build.0 = Release|Any CPU
		{DBEEB615-5991-46BC-B274-1516BD0F3D91}.VS2010IntegrationTest|Any CPU.ActiveCfg = Release|Any CPU
		{DBEEB615-5991-46BC-B274-1516BD0F3D91}.VS2010IntegrationTest|Any CPU.Build.0 = Release|Any CPU
		{FA04B445-D04C-4075-9EB0-4D0A70E47FC4}.Debug|Any CPU.ActiveCfg = Debug|Any CPU
		{FA04B445-D04C-4075-9EB0-4D0A70E47FC4}.Debug|Any CPU.Build.0 = Debug|Any CPU
		{FA04B445-D04C-4075-9EB0-4D0A70E47FC4}.Release|Any CPU.ActiveCfg = Release|Any CPU
		{FA04B445-D04C-4075-9EB0-4D0A70E47FC4}.Release|Any CPU.Build.0 = Release|Any CPU
		{FA04B445-D04C-4075-9EB0-4D0A70E47FC4}.VS2010IntegrationTest|Any CPU.ActiveCfg = Debug|Any CPU
		{FA04B445-D04C-4075-9EB0-4D0A70E47FC4}.VS2010IntegrationTest|Any CPU.Build.0 = Debug|Any CPU
	EndGlobalSection
	GlobalSection(SolutionProperties) = preSolution
		HideSolutionNode = FALSE
	EndGlobalSection
	GlobalSection(NestedProjects) = preSolution
		{F8FACCF0-5497-4C6B-861F-78D72FD9561B} = {0359B7D7-7E29-48E9-8DF9-7D1FACFA5CFA}
		{0D3D2616-F53C-46A2-ADEB-273D140C1267} = {DCE0C3C4-5BC6-4A30-86BE-3FEFF4677A01}
		{27B6695E-7049-4C1B-8820-812722128D9E} = {DCE0C3C4-5BC6-4A30-86BE-3FEFF4677A01}
		{97C30FCC-3093-4430-93DC-D671C656C404} = {0359B7D7-7E29-48E9-8DF9-7D1FACFA5CFA}
		{7A9F3EE4-2FAE-4AA3-95DF-4D9F7D879E7C} = {DCE0C3C4-5BC6-4A30-86BE-3FEFF4677A01}
		{0359B7D7-7E29-48E9-8DF9-7D1FACFA5CFA} = {A10B5CD6-38EC-4D7E-9D1C-2EBA8017E437}
		{ADED3F39-1742-42E2-A55A-3043AC84BDAD} = {A10B5CD6-38EC-4D7E-9D1C-2EBA8017E437}
		{33B3107E-666D-4C31-96C0-745697E51973} = {A10B5CD6-38EC-4D7E-9D1C-2EBA8017E437}
		{D87E7021-4926-4F5A-AC81-92AFC575FB7E} = {577A0375-1436-446C-802B-3C75C8CEF94F}
		{DBEEB615-5991-46BC-B274-1516BD0F3D91} = {A10B5CD6-38EC-4D7E-9D1C-2EBA8017E437}
		{FA04B445-D04C-4075-9EB0-4D0A70E47FC4} = {A10B5CD6-38EC-4D7E-9D1C-2EBA8017E437}
	EndGlobalSection
	GlobalSection(ExtensibilityGlobals) = postSolution
		SolutionGuid = {6C32F919-B9E8-48E8-BD8D-566E54B9A27D}
	EndGlobalSection
EndGlobal
