
Microsoft Visual Studio Solution File, Format Version 12.00
# Visual Studio 2012
Project("{FAE04EC0-301F-11D3-BF4B-00C04F79EFBC}") = "TechTalk.SpecFlow", "Runtime\TechTalk.SpecFlow.csproj", "{413EE28C-4F89-4C6F-BA1E-2CDEE4CD43B4}"
EndProject
Project("{FAE04EC0-301F-11D3-BF4B-00C04F79EFBC}") = "TechTalk.SpecFlow.Generator", "Generator\TechTalk.SpecFlow.Generator.csproj", "{453D8014-B6CD-4E86-80A8-D59F59092334}"
EndProject
Project("{FAE04EC0-301F-11D3-BF4B-00C04F79EFBC}") = "TechTalk.SpecFlow.IdeIntegration", "IdeIntegration\IdeIntegration\TechTalk.SpecFlow.IdeIntegration.csproj", "{44D52C1B-0ABC-44B6-8EB8-0F754E264226}"
EndProject
Project("{FAE04EC0-301F-11D3-BF4B-00C04F79EFBC}") = "XamarinStudio.TechTalk.SpecFlow", "IdeIntegration\XamarinStudioIntegration\XamarinStudio.TechTalk.SpecFlow.csproj", "{CC567007-C48F-44F9-95D8-FC56FE2DA330}"
EndProject
Project("{FAE04EC0-301F-11D3-BF4B-00C04F79EFBC}") = "TechTalk.SpecFlow.Utils", "Utils\TechTalk.SpecFlow.Utils.csproj", "{C0AF4A43-0C3B-47C7-86DE-79FB632B1453}"
EndProject
Project("{FAE04EC0-301F-11D3-BF4B-00C04F79EFBC}") = "TechTalk.SpecFlow.Parser", "Parser\TechTalk.SpecFlow.Parser.csproj", "{7CCEF6D6-FC17-422E-9BED-EDD752B6496F}"
EndProject
Global
	GlobalSection(SolutionConfigurationPlatforms) = preSolution
		Debug|Any CPU = Debug|Any CPU
		Release|Any CPU = Release|Any CPU
	EndGlobalSection
	GlobalSection(ProjectConfigurationPlatforms) = postSolution
		{413EE28C-4F89-4C6F-BA1E-2CDEE4CD43B4}.Debug|Any CPU.ActiveCfg = Debug|Any CPU
		{413EE28C-4F89-4C6F-BA1E-2CDEE4CD43B4}.Debug|Any CPU.Build.0 = Debug|Any CPU
		{413EE28C-4F89-4C6F-BA1E-2CDEE4CD43B4}.Release|Any CPU.ActiveCfg = Release|Any CPU
		{413EE28C-4F89-4C6F-BA1E-2CDEE4CD43B4}.Release|Any CPU.Build.0 = Release|Any CPU
		{453D8014-B6CD-4E86-80A8-D59F59092334}.Debug|Any CPU.ActiveCfg = Debug|Any CPU
		{453D8014-B6CD-4E86-80A8-D59F59092334}.Debug|Any CPU.Build.0 = Debug|Any CPU
		{453D8014-B6CD-4E86-80A8-D59F59092334}.Release|Any CPU.ActiveCfg = Release|Any CPU
		{453D8014-B6CD-4E86-80A8-D59F59092334}.Release|Any CPU.Build.0 = Release|Any CPU
		{44D52C1B-0ABC-44B6-8EB8-0F754E264226}.Debug|Any CPU.ActiveCfg = Debug|Any CPU
		{44D52C1B-0ABC-44B6-8EB8-0F754E264226}.Debug|Any CPU.Build.0 = Debug|Any CPU
		{44D52C1B-0ABC-44B6-8EB8-0F754E264226}.Release|Any CPU.ActiveCfg = Release|Any CPU
		{44D52C1B-0ABC-44B6-8EB8-0F754E264226}.Release|Any CPU.Build.0 = Release|Any CPU
		{CC567007-C48F-44F9-95D8-FC56FE2DA330}.Debug|Any CPU.ActiveCfg = Debug|Any CPU
		{CC567007-C48F-44F9-95D8-FC56FE2DA330}.Debug|Any CPU.Build.0 = Debug|Any CPU
		{CC567007-C48F-44F9-95D8-FC56FE2DA330}.Release|Any CPU.ActiveCfg = Release|Any CPU
		{CC567007-C48F-44F9-95D8-FC56FE2DA330}.Release|Any CPU.Build.0 = Release|Any CPU
		{C0AF4A43-0C3B-47C7-86DE-79FB632B1453}.Debug|Any CPU.ActiveCfg = Debug|Any CPU
		{C0AF4A43-0C3B-47C7-86DE-79FB632B1453}.Debug|Any CPU.Build.0 = Debug|Any CPU
		{C0AF4A43-0C3B-47C7-86DE-79FB632B1453}.Release|Any CPU.ActiveCfg = Release|Any CPU
		{C0AF4A43-0C3B-47C7-86DE-79FB632B1453}.Release|Any CPU.Build.0 = Release|Any CPU
		{7CCEF6D6-FC17-422E-9BED-EDD752B6496F}.Debug|Any CPU.ActiveCfg = Debug|Any CPU
		{7CCEF6D6-FC17-422E-9BED-EDD752B6496F}.Debug|Any CPU.Build.0 = Debug|Any CPU
		{7CCEF6D6-FC17-422E-9BED-EDD752B6496F}.Release|Any CPU.ActiveCfg = Release|Any CPU
		{7CCEF6D6-FC17-422E-9BED-EDD752B6496F}.Release|Any CPU.Build.0 = Release|Any CPU
	EndGlobalSection
EndGlobal
