
Microsoft Visual Studio Solution File, Format Version 12.00
# Visual Studio 2013
VisualStudioVersion = 12.0.30723.0
MinimumVisualStudioVersion = 10.0.40219.1
Project("{2150E333-8FDC-42A3-9474-1A3956D46DE8}") = "Setup", "Setup", "{DCE0C3C4-5BC6-4A30-86BE-3FEFF4677A01}"
EndProject
Project("{2150E333-8FDC-42A3-9474-1A3956D46DE8}") = "Tests", "Tests", "{A10B5CD6-38EC-4D7E-9D1C-2EBA8017E437}"
EndProject
Project("{2150E333-8FDC-42A3-9474-1A3956D46DE8}") = "Solution Items", "Solution Items", "{577A0375-1436-446C-802B-3C75C8CEF94F}"
	ProjectSection(SolutionItems) = preProject
		changelog.txt = changelog.txt
		CommonAssemblyInfo.cs = CommonAssemblyInfo.cs
		LICENSE.txt = LICENSE.txt
	EndProjectSection
EndProject
Project("{2150E333-8FDC-42A3-9474-1A3956D46DE8}") = "Resources", "Resources", "{EF9D1EFD-574B-4A33-96CB-8885A6CEB227}"
	ProjectSection(SolutionItems) = preProject
		Installer\Resources\EULA.rtf = Installer\Resources\EULA.rtf
		Installer\Resources\header.bmp = Installer\Resources\header.bmp
		Installer\Resources\logo.png = Installer\Resources\logo.png
		Installer\Resources\welcome_dialog.bmp = Installer\Resources\welcome_dialog.bmp
	EndProjectSection
EndProject
Project("{2150E333-8FDC-42A3-9474-1A3956D46DE8}") = "IdeIntegration", "IdeIntegration", "{55E45533-9AAA-41AB-B44F-7530799C9337}"
EndProject
Project("{2150E333-8FDC-42A3-9474-1A3956D46DE8}") = "AlternativeRuntimes", "AlternativeRuntimes", "{01A98306-2E7F-42E5-A180-C31C4DC82C57}"
EndProject
Project("{2150E333-8FDC-42A3-9474-1A3956D46DE8}") = "UnitTests", "UnitTests", "{0359B7D7-7E29-48E9-8DF9-7D1FACFA5CFA}"
EndProject
Project("{2150E333-8FDC-42A3-9474-1A3956D46DE8}") = ".nuget", ".nuget", "{8C4BDE8C-3363-4575-AAA4-E6D7AAA51C5B}"
	ProjectSection(SolutionItems) = preProject
		.nuget\NuGet.Config = .nuget\NuGet.Config
		.nuget\nuget.exe = .nuget\nuget.exe
		.nuget\NuGet.targets = .nuget\NuGet.targets
		.nuget\packages.config = .nuget\packages.config
	EndProjectSection
EndProject
Project("{FAE04EC0-301F-11D3-BF4B-00C04F79EFBC}") = "TechTalk.SpecFlow.Reporting", "Reporting\TechTalk.SpecFlow.Reporting.csproj", "{FC43509F-E7D3-40C4-B4C3-1E6C9D5530A4}"
EndProject
Project("{FAE04EC0-301F-11D3-BF4B-00C04F79EFBC}") = "TechTalk.SpecFlow", "Runtime\TechTalk.SpecFlow.csproj", "{413EE28C-4F89-4C6F-BA1E-2CDEE4CD43B4}"
EndProject
Project("{FAE04EC0-301F-11D3-BF4B-00C04F79EFBC}") = "TechTalk.SpecFlow.Parser", "Parser\TechTalk.SpecFlow.Parser.csproj", "{7CCEF6D6-FC17-422E-9BED-EDD752B6496F}"
EndProject
Project("{FAE04EC0-301F-11D3-BF4B-00C04F79EFBC}") = "RuntimeTests", "Tests\RuntimeTests\RuntimeTests.csproj", "{F8FACCF0-5497-4C6B-861F-78D72FD9561B}"
EndProject
Project("{FAE04EC0-301F-11D3-BF4B-00C04F79EFBC}") = "TechTalk.SpecFlow.Generator", "Generator\TechTalk.SpecFlow.Generator.csproj", "{453D8014-B6CD-4E86-80A8-D59F59092334}"
EndProject
Project("{FAE04EC0-301F-11D3-BF4B-00C04F79EFBC}") = "TechTalk.SpecFlow.Tools", "Tools\TechTalk.SpecFlow.Tools.csproj", "{87BE7FE6-C3DE-4409-ABF6-FA5B60AF3DE1}"
EndProject
Project("{FAE04EC0-301F-11D3-BF4B-00C04F79EFBC}") = "ImportGherkinParser", "Installer\ImportGherkinParser\ImportGherkinParser.csproj", "{0D3D2616-F53C-46A2-ADEB-273D140C1267}"
EndProject
Project("{FAE04EC0-301F-11D3-BF4B-00C04F79EFBC}") = "MonoDevelop.TechTalk.SpecFlow", "IdeIntegration\MonoDevelopIntegration\MonoDevelop.TechTalk.SpecFlow.csproj", "{199D2315-F5BD-463C-B16A-BE31A845792B}"
EndProject
Project("{FAE04EC0-301F-11D3-BF4B-00C04F79EFBC}") = "TechTalk.SpecFlow.Vs2013Integration", "IdeIntegration\Vs2013Integration\TechTalk.SpecFlow.Vs2013Integration.csproj", "{96294E6F-8875-4D12-8577-4EC83E602013}"
EndProject
Project("{FAE04EC0-301F-11D3-BF4B-00C04F79EFBC}") = "TechTalk.SpecFlow.Utils", "Utils\TechTalk.SpecFlow.Utils.csproj", "{C0AF4A43-0C3B-47C7-86DE-79FB632B1453}"
EndProject
Project("{FAE04EC0-301F-11D3-BF4B-00C04F79EFBC}") = "SpecFlowBinPackage", "Installer\SpecFlowBinPackage\SpecFlowBinPackage.csproj", "{27B6695E-7049-4C1B-8820-812722128D9E}"
	ProjectSection(ProjectDependencies) = postProject
		{199D2315-F5BD-463C-B16A-BE31A845792B} = {199D2315-F5BD-463C-B16A-BE31A845792B}
		{C0AF4A43-0C3B-47C7-86DE-79FB632B1453} = {C0AF4A43-0C3B-47C7-86DE-79FB632B1453}
		{96294E6F-8875-4D12-8577-4EC83E602013} = {96294E6F-8875-4D12-8577-4EC83E602013}
		{FC43509F-E7D3-40C4-B4C3-1E6C9D5530A4} = {FC43509F-E7D3-40C4-B4C3-1E6C9D5530A4}
		{7CCEF6D6-FC17-422E-9BED-EDD752B6496F} = {7CCEF6D6-FC17-422E-9BED-EDD752B6496F}
	EndProjectSection
EndProject
Project("{FAE04EC0-301F-11D3-BF4B-00C04F79EFBC}") = "UtilsTests", "Tests\UtilsTests\UtilsTests.csproj", "{AAB77D7A-20E0-4FA6-B139-BBCBB5215B80}"
EndProject
Project("{FAE04EC0-301F-11D3-BF4B-00C04F79EFBC}") = "TechTalk.SpecFlow.IdeIntegration", "IdeIntegration\IdeIntegration\TechTalk.SpecFlow.IdeIntegration.csproj", "{44D52C1B-0ABC-44B6-8EB8-0F754E264226}"
EndProject
Project("{FAE04EC0-301F-11D3-BF4B-00C04F79EFBC}") = "IdeIntegrationTests", "Tests\IdeIntegrationTests\IdeIntegrationTests.csproj", "{69505BAC-12B9-4443-BB3B-A94E51EA5922}"
EndProject
Project("{FAE04EC0-301F-11D3-BF4B-00C04F79EFBC}") = "GeneratorTests", "Tests\GeneratorTests\GeneratorTests.csproj", "{97C30FCC-3093-4430-93DC-D671C656C404}"
EndProject
Project("{FAE04EC0-301F-11D3-BF4B-00C04F79EFBC}") = "NuGetPackages", "Installer\NuGetPackages\NuGetPackages.csproj", "{7A9F3EE4-2FAE-4AA3-95DF-4D9F7D879E7C}"
	ProjectSection(ProjectDependencies) = postProject
		{27B6695E-7049-4C1B-8820-812722128D9E} = {27B6695E-7049-4C1B-8820-812722128D9E}
	EndProjectSection
EndProject
Project("{FAE04EC0-301F-11D3-BF4B-00C04F79EFBC}") = "TechTalk.SpecFlow.SharpDevelop4Integration", "IdeIntegration\SharpDevelop4Integration\TechTalk.SpecFlow.SharpDevelop4Integration.csproj", "{C091E608-2A76-40B2-9548-AB5A2A77BD78}"
EndProject
Project("{FAE04EC0-301F-11D3-BF4B-00C04F79EFBC}") = "TechTalk.SpecFlow.Specs", "Tests\TechTalk.SpecFlow.Specs\TechTalk.SpecFlow.Specs.csproj", "{ADED3F39-1742-42E2-A55A-3043AC84BDAD}"
EndProject
Project("{FAE04EC0-301F-11D3-BF4B-00C04F79EFBC}") = "TechTalk.SpecFlow.IntegrationTests", "Tests\TechTalk.SpecFlow.IntegrationTests\TechTalk.SpecFlow.IntegrationTests.csproj", "{33B3107E-666D-4C31-96C0-745697E51973}"
EndProject
Global
	GlobalSection(SolutionConfigurationPlatforms) = preSolution
		Debug|Any CPU = Debug|Any CPU
		Release|Any CPU = Release|Any CPU
		VS2010IntegrationTest|Any CPU = VS2010IntegrationTest|Any CPU
	EndGlobalSection
	GlobalSection(ProjectConfigurationPlatforms) = postSolution
		{FC43509F-E7D3-40C4-B4C3-1E6C9D5530A4}.Debug|Any CPU.ActiveCfg = Debug|Any CPU
		{FC43509F-E7D3-40C4-B4C3-1E6C9D5530A4}.Debug|Any CPU.Build.0 = Debug|Any CPU
		{FC43509F-E7D3-40C4-B4C3-1E6C9D5530A4}.Release|Any CPU.ActiveCfg = Release|Any CPU
		{FC43509F-E7D3-40C4-B4C3-1E6C9D5530A4}.Release|Any CPU.Build.0 = Release|Any CPU
		{FC43509F-E7D3-40C4-B4C3-1E6C9D5530A4}.VS2010IntegrationTest|Any CPU.ActiveCfg = Debug|Any CPU
		{FC43509F-E7D3-40C4-B4C3-1E6C9D5530A4}.VS2010IntegrationTest|Any CPU.Build.0 = Debug|Any CPU
		{413EE28C-4F89-4C6F-BA1E-2CDEE4CD43B4}.Debug|Any CPU.ActiveCfg = Debug|Any CPU
		{413EE28C-4F89-4C6F-BA1E-2CDEE4CD43B4}.Debug|Any CPU.Build.0 = Debug|Any CPU
		{413EE28C-4F89-4C6F-BA1E-2CDEE4CD43B4}.Release|Any CPU.ActiveCfg = Release|Any CPU
		{413EE28C-4F89-4C6F-BA1E-2CDEE4CD43B4}.Release|Any CPU.Build.0 = Release|Any CPU
		{413EE28C-4F89-4C6F-BA1E-2CDEE4CD43B4}.VS2010IntegrationTest|Any CPU.ActiveCfg = Debug|Any CPU
		{413EE28C-4F89-4C6F-BA1E-2CDEE4CD43B4}.VS2010IntegrationTest|Any CPU.Build.0 = Debug|Any CPU
		{7CCEF6D6-FC17-422E-9BED-EDD752B6496F}.Debug|Any CPU.ActiveCfg = Debug|Any CPU
		{7CCEF6D6-FC17-422E-9BED-EDD752B6496F}.Debug|Any CPU.Build.0 = Debug|Any CPU
		{7CCEF6D6-FC17-422E-9BED-EDD752B6496F}.Release|Any CPU.ActiveCfg = Release|Any CPU
		{7CCEF6D6-FC17-422E-9BED-EDD752B6496F}.Release|Any CPU.Build.0 = Release|Any CPU
		{7CCEF6D6-FC17-422E-9BED-EDD752B6496F}.VS2010IntegrationTest|Any CPU.ActiveCfg = Debug|Any CPU
		{7CCEF6D6-FC17-422E-9BED-EDD752B6496F}.VS2010IntegrationTest|Any CPU.Build.0 = Debug|Any CPU
		{F8FACCF0-5497-4C6B-861F-78D72FD9561B}.Debug|Any CPU.ActiveCfg = Debug|Any CPU
		{F8FACCF0-5497-4C6B-861F-78D72FD9561B}.Debug|Any CPU.Build.0 = Debug|Any CPU
		{F8FACCF0-5497-4C6B-861F-78D72FD9561B}.Release|Any CPU.ActiveCfg = Release|Any CPU
		{F8FACCF0-5497-4C6B-861F-78D72FD9561B}.Release|Any CPU.Build.0 = Release|Any CPU
		{F8FACCF0-5497-4C6B-861F-78D72FD9561B}.VS2010IntegrationTest|Any CPU.ActiveCfg = Debug|Any CPU
		{F8FACCF0-5497-4C6B-861F-78D72FD9561B}.VS2010IntegrationTest|Any CPU.Build.0 = Debug|Any CPU
		{453D8014-B6CD-4E86-80A8-D59F59092334}.Debug|Any CPU.ActiveCfg = Debug|Any CPU
		{453D8014-B6CD-4E86-80A8-D59F59092334}.Debug|Any CPU.Build.0 = Debug|Any CPU
		{453D8014-B6CD-4E86-80A8-D59F59092334}.Release|Any CPU.ActiveCfg = Release|Any CPU
		{453D8014-B6CD-4E86-80A8-D59F59092334}.Release|Any CPU.Build.0 = Release|Any CPU
		{453D8014-B6CD-4E86-80A8-D59F59092334}.VS2010IntegrationTest|Any CPU.ActiveCfg = Debug|Any CPU
		{453D8014-B6CD-4E86-80A8-D59F59092334}.VS2010IntegrationTest|Any CPU.Build.0 = Debug|Any CPU
		{87BE7FE6-C3DE-4409-ABF6-FA5B60AF3DE1}.Debug|Any CPU.ActiveCfg = Debug|Any CPU
		{87BE7FE6-C3DE-4409-ABF6-FA5B60AF3DE1}.Debug|Any CPU.Build.0 = Debug|Any CPU
		{87BE7FE6-C3DE-4409-ABF6-FA5B60AF3DE1}.Release|Any CPU.ActiveCfg = Release|Any CPU
		{87BE7FE6-C3DE-4409-ABF6-FA5B60AF3DE1}.Release|Any CPU.Build.0 = Release|Any CPU
		{87BE7FE6-C3DE-4409-ABF6-FA5B60AF3DE1}.VS2010IntegrationTest|Any CPU.ActiveCfg = Debug|Any CPU
		{87BE7FE6-C3DE-4409-ABF6-FA5B60AF3DE1}.VS2010IntegrationTest|Any CPU.Build.0 = Debug|Any CPU
		{0D3D2616-F53C-46A2-ADEB-273D140C1267}.Debug|Any CPU.ActiveCfg = Debug|Any CPU
		{0D3D2616-F53C-46A2-ADEB-273D140C1267}.Debug|Any CPU.Build.0 = Debug|Any CPU
		{0D3D2616-F53C-46A2-ADEB-273D140C1267}.Release|Any CPU.ActiveCfg = Release|Any CPU
		{0D3D2616-F53C-46A2-ADEB-273D140C1267}.Release|Any CPU.Build.0 = Release|Any CPU
		{0D3D2616-F53C-46A2-ADEB-273D140C1267}.VS2010IntegrationTest|Any CPU.ActiveCfg = Debug|Any CPU
		{0D3D2616-F53C-46A2-ADEB-273D140C1267}.VS2010IntegrationTest|Any CPU.Build.0 = Debug|Any CPU
		{199D2315-F5BD-463C-B16A-BE31A845792B}.Debug|Any CPU.ActiveCfg = Debug|Any CPU
		{199D2315-F5BD-463C-B16A-BE31A845792B}.Debug|Any CPU.Build.0 = Debug|Any CPU
		{199D2315-F5BD-463C-B16A-BE31A845792B}.Release|Any CPU.ActiveCfg = Release|Any CPU
		{199D2315-F5BD-463C-B16A-BE31A845792B}.Release|Any CPU.Build.0 = Release|Any CPU
		{199D2315-F5BD-463C-B16A-BE31A845792B}.VS2010IntegrationTest|Any CPU.ActiveCfg = Debug|Any CPU
		{199D2315-F5BD-463C-B16A-BE31A845792B}.VS2010IntegrationTest|Any CPU.Build.0 = Debug|Any CPU
		{96294E6F-8875-4D12-8577-4EC83E602013}.Debug|Any CPU.ActiveCfg = Debug|Any CPU
		{96294E6F-8875-4D12-8577-4EC83E602013}.Debug|Any CPU.Build.0 = Debug|Any CPU
		{96294E6F-8875-4D12-8577-4EC83E602013}.Release|Any CPU.ActiveCfg = Release|Any CPU
		{96294E6F-8875-4D12-8577-4EC83E602013}.Release|Any CPU.Build.0 = Release|Any CPU
		{96294E6F-8875-4D12-8577-4EC83E602013}.VS2010IntegrationTest|Any CPU.ActiveCfg = Release|Any CPU
		{96294E6F-8875-4D12-8577-4EC83E602013}.VS2010IntegrationTest|Any CPU.Build.0 = Release|Any CPU
		{C0AF4A43-0C3B-47C7-86DE-79FB632B1453}.Debug|Any CPU.ActiveCfg = Debug|Any CPU
		{C0AF4A43-0C3B-47C7-86DE-79FB632B1453}.Debug|Any CPU.Build.0 = Debug|Any CPU
		{C0AF4A43-0C3B-47C7-86DE-79FB632B1453}.Release|Any CPU.ActiveCfg = Release|Any CPU
		{C0AF4A43-0C3B-47C7-86DE-79FB632B1453}.Release|Any CPU.Build.0 = Release|Any CPU
		{C0AF4A43-0C3B-47C7-86DE-79FB632B1453}.VS2010IntegrationTest|Any CPU.ActiveCfg = Debug|Any CPU
		{C0AF4A43-0C3B-47C7-86DE-79FB632B1453}.VS2010IntegrationTest|Any CPU.Build.0 = Debug|Any CPU
		{27B6695E-7049-4C1B-8820-812722128D9E}.Debug|Any CPU.ActiveCfg = Debug|Any CPU
		{27B6695E-7049-4C1B-8820-812722128D9E}.Debug|Any CPU.Build.0 = Debug|Any CPU
		{27B6695E-7049-4C1B-8820-812722128D9E}.Release|Any CPU.ActiveCfg = Release|Any CPU
		{27B6695E-7049-4C1B-8820-812722128D9E}.Release|Any CPU.Build.0 = Release|Any CPU
		{27B6695E-7049-4C1B-8820-812722128D9E}.VS2010IntegrationTest|Any CPU.ActiveCfg = Debug|Any CPU
		{27B6695E-7049-4C1B-8820-812722128D9E}.VS2010IntegrationTest|Any CPU.Build.0 = Debug|Any CPU
		{AAB77D7A-20E0-4FA6-B139-BBCBB5215B80}.Debug|Any CPU.ActiveCfg = Debug|Any CPU
		{AAB77D7A-20E0-4FA6-B139-BBCBB5215B80}.Debug|Any CPU.Build.0 = Debug|Any CPU
		{AAB77D7A-20E0-4FA6-B139-BBCBB5215B80}.Release|Any CPU.ActiveCfg = Release|Any CPU
		{AAB77D7A-20E0-4FA6-B139-BBCBB5215B80}.Release|Any CPU.Build.0 = Release|Any CPU
		{AAB77D7A-20E0-4FA6-B139-BBCBB5215B80}.VS2010IntegrationTest|Any CPU.ActiveCfg = Debug|Any CPU
		{AAB77D7A-20E0-4FA6-B139-BBCBB5215B80}.VS2010IntegrationTest|Any CPU.Build.0 = Debug|Any CPU
		{44D52C1B-0ABC-44B6-8EB8-0F754E264226}.Debug|Any CPU.ActiveCfg = Debug|Any CPU
		{44D52C1B-0ABC-44B6-8EB8-0F754E264226}.Debug|Any CPU.Build.0 = Debug|Any CPU
		{44D52C1B-0ABC-44B6-8EB8-0F754E264226}.Release|Any CPU.ActiveCfg = Release|Any CPU
		{44D52C1B-0ABC-44B6-8EB8-0F754E264226}.Release|Any CPU.Build.0 = Release|Any CPU
		{44D52C1B-0ABC-44B6-8EB8-0F754E264226}.VS2010IntegrationTest|Any CPU.ActiveCfg = Debug|Any CPU
		{44D52C1B-0ABC-44B6-8EB8-0F754E264226}.VS2010IntegrationTest|Any CPU.Build.0 = Debug|Any CPU
		{69505BAC-12B9-4443-BB3B-A94E51EA5922}.Debug|Any CPU.ActiveCfg = Debug|Any CPU
		{69505BAC-12B9-4443-BB3B-A94E51EA5922}.Debug|Any CPU.Build.0 = Debug|Any CPU
		{69505BAC-12B9-4443-BB3B-A94E51EA5922}.Release|Any CPU.ActiveCfg = Release|Any CPU
		{69505BAC-12B9-4443-BB3B-A94E51EA5922}.Release|Any CPU.Build.0 = Release|Any CPU
		{69505BAC-12B9-4443-BB3B-A94E51EA5922}.VS2010IntegrationTest|Any CPU.ActiveCfg = Debug|Any CPU
		{69505BAC-12B9-4443-BB3B-A94E51EA5922}.VS2010IntegrationTest|Any CPU.Build.0 = Debug|Any CPU
		{97C30FCC-3093-4430-93DC-D671C656C404}.Debug|Any CPU.ActiveCfg = Debug|Any CPU
		{97C30FCC-3093-4430-93DC-D671C656C404}.Debug|Any CPU.Build.0 = Debug|Any CPU
		{97C30FCC-3093-4430-93DC-D671C656C404}.Release|Any CPU.ActiveCfg = Release|Any CPU
		{97C30FCC-3093-4430-93DC-D671C656C404}.Release|Any CPU.Build.0 = Release|Any CPU
		{97C30FCC-3093-4430-93DC-D671C656C404}.VS2010IntegrationTest|Any CPU.ActiveCfg = Debug|Any CPU
		{97C30FCC-3093-4430-93DC-D671C656C404}.VS2010IntegrationTest|Any CPU.Build.0 = Debug|Any CPU
		{7A9F3EE4-2FAE-4AA3-95DF-4D9F7D879E7C}.Debug|Any CPU.ActiveCfg = Debug|Any CPU
		{7A9F3EE4-2FAE-4AA3-95DF-4D9F7D879E7C}.Debug|Any CPU.Build.0 = Debug|Any CPU
		{7A9F3EE4-2FAE-4AA3-95DF-4D9F7D879E7C}.Release|Any CPU.ActiveCfg = Release|Any CPU
		{7A9F3EE4-2FAE-4AA3-95DF-4D9F7D879E7C}.Release|Any CPU.Build.0 = Release|Any CPU
		{7A9F3EE4-2FAE-4AA3-95DF-4D9F7D879E7C}.VS2010IntegrationTest|Any CPU.ActiveCfg = Debug|Any CPU
		{C091E608-2A76-40B2-9548-AB5A2A77BD78}.Debug|Any CPU.ActiveCfg = Debug|Any CPU
		{C091E608-2A76-40B2-9548-AB5A2A77BD78}.Debug|Any CPU.Build.0 = Debug|Any CPU
		{C091E608-2A76-40B2-9548-AB5A2A77BD78}.Release|Any CPU.ActiveCfg = Release|Any CPU
		{C091E608-2A76-40B2-9548-AB5A2A77BD78}.Release|Any CPU.Build.0 = Release|Any CPU
		{C091E608-2A76-40B2-9548-AB5A2A77BD78}.VS2010IntegrationTest|Any CPU.ActiveCfg = Debug|Any CPU
		{C091E608-2A76-40B2-9548-AB5A2A77BD78}.VS2010IntegrationTest|Any CPU.Build.0 = Debug|Any CPU
		{ADED3F39-1742-42E2-A55A-3043AC84BDAD}.Debug|Any CPU.ActiveCfg = Debug|Any CPU
		{ADED3F39-1742-42E2-A55A-3043AC84BDAD}.Debug|Any CPU.Build.0 = Debug|Any CPU
		{ADED3F39-1742-42E2-A55A-3043AC84BDAD}.Release|Any CPU.ActiveCfg = Release|Any CPU
		{ADED3F39-1742-42E2-A55A-3043AC84BDAD}.Release|Any CPU.Build.0 = Release|Any CPU
		{ADED3F39-1742-42E2-A55A-3043AC84BDAD}.VS2010IntegrationTest|Any CPU.ActiveCfg = Debug|Any CPU
		{ADED3F39-1742-42E2-A55A-3043AC84BDAD}.VS2010IntegrationTest|Any CPU.Build.0 = Debug|Any CPU
		{33B3107E-666D-4C31-96C0-745697E51973}.Debug|Any CPU.ActiveCfg = Debug|Any CPU
		{33B3107E-666D-4C31-96C0-745697E51973}.Debug|Any CPU.Build.0 = Debug|Any CPU
		{33B3107E-666D-4C31-96C0-745697E51973}.Release|Any CPU.ActiveCfg = Release|Any CPU
		{33B3107E-666D-4C31-96C0-745697E51973}.Release|Any CPU.Build.0 = Release|Any CPU
		{33B3107E-666D-4C31-96C0-745697E51973}.VS2010IntegrationTest|Any CPU.ActiveCfg = Debug|Any CPU
		{33B3107E-666D-4C31-96C0-745697E51973}.VS2010IntegrationTest|Any CPU.Build.0 = Debug|Any CPU
	EndGlobalSection
	GlobalSection(SolutionProperties) = preSolution
		HideSolutionNode = FALSE
	EndGlobalSection
	GlobalSection(NestedProjects) = preSolution
		{EF9D1EFD-574B-4A33-96CB-8885A6CEB227} = {DCE0C3C4-5BC6-4A30-86BE-3FEFF4677A01}
		{0359B7D7-7E29-48E9-8DF9-7D1FACFA5CFA} = {A10B5CD6-38EC-4D7E-9D1C-2EBA8017E437}
		{F8FACCF0-5497-4C6B-861F-78D72FD9561B} = {0359B7D7-7E29-48E9-8DF9-7D1FACFA5CFA}
		{0D3D2616-F53C-46A2-ADEB-273D140C1267} = {DCE0C3C4-5BC6-4A30-86BE-3FEFF4677A01}
		{199D2315-F5BD-463C-B16A-BE31A845792B} = {55E45533-9AAA-41AB-B44F-7530799C9337}
		{96294E6F-8875-4D12-8577-4EC83E602013} = {55E45533-9AAA-41AB-B44F-7530799C9337}
		{27B6695E-7049-4C1B-8820-812722128D9E} = {DCE0C3C4-5BC6-4A30-86BE-3FEFF4677A01}
		{AAB77D7A-20E0-4FA6-B139-BBCBB5215B80} = {0359B7D7-7E29-48E9-8DF9-7D1FACFA5CFA}
		{44D52C1B-0ABC-44B6-8EB8-0F754E264226} = {55E45533-9AAA-41AB-B44F-7530799C9337}
		{69505BAC-12B9-4443-BB3B-A94E51EA5922} = {0359B7D7-7E29-48E9-8DF9-7D1FACFA5CFA}
		{97C30FCC-3093-4430-93DC-D671C656C404} = {0359B7D7-7E29-48E9-8DF9-7D1FACFA5CFA}
		{7A9F3EE4-2FAE-4AA3-95DF-4D9F7D879E7C} = {DCE0C3C4-5BC6-4A30-86BE-3FEFF4677A01}
		{C091E608-2A76-40B2-9548-AB5A2A77BD78} = {55E45533-9AAA-41AB-B44F-7530799C9337}
		{ADED3F39-1742-42E2-A55A-3043AC84BDAD} = {A10B5CD6-38EC-4D7E-9D1C-2EBA8017E437}
		{33B3107E-666D-4C31-96C0-745697E51973} = {A10B5CD6-38EC-4D7E-9D1C-2EBA8017E437}
	EndGlobalSection
EndGlobal
