
Microsoft Visual Studio Solution File, Format Version 12.00
# Visual Studio Version 16
VisualStudioVersion = 16.0.30503.244
MinimumVisualStudioVersion = 10.0.40219.1
Project("{9A19103F-16F7-4668-BE54-9A1E7A4F7556}") = "Specs", "Specs.csproj", "{8E79D735-5932-4F03-8E26-6C6FDB80FA22}"
EndProject
Global
	GlobalSection(SolutionConfigurationPlatforms) = preSolution
		Debug|Any CPU = Debug|Any CPU
		Release|Any CPU = Release|Any CPU
	EndGlobalSection
	GlobalSection(ProjectConfigurationPlatforms) = postSolution
		{8E79D735-5932-4F03-8E26-6C6FDB80FA22}.Debug|Any CPU.ActiveCfg = Debug|Any CPU
		{8E79D735-5932-4F03-8E26-6C6FDB80FA22}.Debug|Any CPU.Build.0 = Debug|Any CPU
		{8E79D735-5932-4F03-8E26-6C6FDB80FA22}.Release|Any CPU.ActiveCfg = Release|Any CPU
		{8E79D735-5932-4F03-8E26-6C6FDB80FA22}.Release|Any CPU.Build.0 = Release|Any CPU
	EndGlobalSection
	GlobalSection(SolutionProperties) = preSolution
		HideSolutionNode = FALSE
	EndGlobalSection
	GlobalSection(ExtensibilityGlobals) = postSolution
		SolutionGuid = {C7511774-973B-4020-A089-591A33E94897}
	EndGlobalSection
EndGlobal
