
Microsoft Visual Studio Solution File, Format Version 12.00
# Visual Studio 15
VisualStudioVersion = 15.0.27004.2005
MinimumVisualStudioVersion = 10.0.40219.1
Project("{9A19103F-16F7-4668-BE54-9A1E7A4F7556}") = "SpecFlow.TestProjectGenerator", "SpecFlow.TestProjectGenerator\SpecFlow.TestProjectGenerator.csproj", "{84640955-1A9B-4AA5-B06D-4AD7EC75E3C0}"
EndProject
Global
	GlobalSection(SolutionConfigurationPlatforms) = preSolution
		Debug|Any CPU = Debug|Any CPU
		Release|Any CPU = Release|Any CPU
	EndGlobalSection
	GlobalSection(ProjectConfigurationPlatforms) = postSolution
		{84640955-1A9B-4AA5-B06D-4AD7EC75E3C0}.Debug|Any CPU.ActiveCfg = Debug|Any CPU
		{84640955-1A9B-4AA5-B06D-4AD7EC75E3C0}.Debug|Any CPU.Build.0 = Debug|Any CPU
		{84640955-1A9B-4AA5-B06D-4AD7EC75E3C0}.Release|Any CPU.ActiveCfg = Release|Any CPU
		{84640955-1A9B-4AA5-B06D-4AD7EC75E3C0}.Release|Any CPU.Build.0 = Release|Any CPU
	EndGlobalSection
	GlobalSection(SolutionProperties) = preSolution
		HideSolutionNode = FALSE
	EndGlobalSection
	GlobalSection(ExtensibilityGlobals) = postSolution
		SolutionGuid = {D96E16DE-09FD-41AF-A2B4-5704919244C0}
	EndGlobalSection
EndGlobal
