
Microsoft Visual Studio Solution File, Format Version 12.00
# Visual Studio Version 16
VisualStudioVersion = 16.0.31005.135
MinimumVisualStudioVersion = 10.0.40219.1
Project("{9A19103F-16F7-4668-BE54-9A1E7A4F7556}") = "SpecFlow.ExternalData.SpecFlowPlugin", "SpecFlow.ExternalData.SpecFlowPlugin\SpecFlow.ExternalData.SpecFlowPlugin.csproj", "{AAD5E0E3-108C-4F7A-98F9-571866796645}"
EndProject
Project("{9A19103F-16F7-4668-BE54-9A1E7A4F7556}") = "Specs", "sample\ExternalDataSample\Specs.csproj", "{AF0CC299-9284-4E29-86B1-D17ADC0BB00D}"
EndProject
Project("{2150E333-8FDC-42A3-9474-1A3956D46DE8}") = "Sample", "Sample", "{EDCBC981-F61D-4575-8C7A-2C8B391C1F21}"
	ProjectSection(SolutionItems) = preProject
		..\..\docs\Guides\externaldata.md = ..\..\docs\Guides\externaldata.md
	EndProjectSection
EndProject
Project("{2150E333-8FDC-42A3-9474-1A3956D46DE8}") = "Tests", "Tests", "{082CF7FE-F27E-4FD0-A4A7-7EB2775B6DAE}"
EndProject
Project("{9A19103F-16F7-4668-BE54-9A1E7A4F7556}") = "SpecFlow.ExternalData.SpecFlowPlugin.UnitTests", "SpecFlow.ExternalData.SpecFlowPlugin.UnitTests\SpecFlow.ExternalData.SpecFlowPlugin.UnitTests.csproj", "{1B1BBC95-D7AD-436D-9D85-8D3654203EE9}"
EndProject
Project("{2150E333-8FDC-42A3-9474-1A3956D46DE8}") = "Dependencies", "Dependencies", "{48B6E6EF-7528-47F8-BA76-E4E2500BE793}"
EndProject
Project("{9A19103F-16F7-4668-BE54-9A1E7A4F7556}") = "TechTalk.SpecFlow.NUnit.SpecFlowPlugin", "..\TechTalk.SpecFlow.NUnit.SpecFlowPlugin\TechTalk.SpecFlow.NUnit.SpecFlowPlugin.csproj", "{0C4AFCE1-4CAF-46D2-83D7-8116D3DBCB8D}"
EndProject
Global
	GlobalSection(SolutionConfigurationPlatforms) = preSolution
		Debug|Any CPU = Debug|Any CPU
		Release|Any CPU = Release|Any CPU
	EndGlobalSection
	GlobalSection(ProjectConfigurationPlatforms) = postSolution
		{AAD5E0E3-108C-4F7A-98F9-571866796645}.Debug|Any CPU.ActiveCfg = Debug|Any CPU
		{AAD5E0E3-108C-4F7A-98F9-571866796645}.Debug|Any CPU.Build.0 = Debug|Any CPU
		{AAD5E0E3-108C-4F7A-98F9-571866796645}.Release|Any CPU.ActiveCfg = Release|Any CPU
		{AAD5E0E3-108C-4F7A-98F9-571866796645}.Release|Any CPU.Build.0 = Release|Any CPU
		{AF0CC299-9284-4E29-86B1-D17ADC0BB00D}.Debug|Any CPU.ActiveCfg = Debug|Any CPU
		{AF0CC299-9284-4E29-86B1-D17ADC0BB00D}.Debug|Any CPU.Build.0 = Debug|Any CPU
		{AF0CC299-9284-4E29-86B1-D17ADC0BB00D}.Release|Any CPU.ActiveCfg = Release|Any CPU
		{AF0CC299-9284-4E29-86B1-D17ADC0BB00D}.Release|Any CPU.Build.0 = Release|Any CPU
		{1B1BBC95-D7AD-436D-9D85-8D3654203EE9}.Debug|Any CPU.ActiveCfg = Debug|Any CPU
		{1B1BBC95-D7AD-436D-9D85-8D3654203EE9}.Debug|Any CPU.Build.0 = Debug|Any CPU
		{1B1BBC95-D7AD-436D-9D85-8D3654203EE9}.Release|Any CPU.ActiveCfg = Release|Any CPU
		{1B1BBC95-D7AD-436D-9D85-8D3654203EE9}.Release|Any CPU.Build.0 = Release|Any CPU
		{0C4AFCE1-4CAF-46D2-83D7-8116D3DBCB8D}.Debug|Any CPU.ActiveCfg = Debug|Any CPU
		{0C4AFCE1-4CAF-46D2-83D7-8116D3DBCB8D}.Debug|Any CPU.Build.0 = Debug|Any CPU
		{0C4AFCE1-4CAF-46D2-83D7-8116D3DBCB8D}.Release|Any CPU.ActiveCfg = Release|Any CPU
		{0C4AFCE1-4CAF-46D2-83D7-8116D3DBCB8D}.Release|Any CPU.Build.0 = Release|Any CPU
	EndGlobalSection
	GlobalSection(SolutionProperties) = preSolution
		HideSolutionNode = FALSE
	EndGlobalSection
	GlobalSection(NestedProjects) = preSolution
		{AF0CC299-9284-4E29-86B1-D17ADC0BB00D} = {EDCBC981-F61D-4575-8C7A-2C8B391C1F21}
		{1B1BBC95-D7AD-436D-9D85-8D3654203EE9} = {082CF7FE-F27E-4FD0-A4A7-7EB2775B6DAE}
		{0C4AFCE1-4CAF-46D2-83D7-8116D3DBCB8D} = {48B6E6EF-7528-47F8-BA76-E4E2500BE793}
	EndGlobalSection
	GlobalSection(ExtensibilityGlobals) = postSolution
		SolutionGuid = {2DB17195-A257-4216-8A96-F901B4CEB4DD}
	EndGlobalSection
EndGlobal
